// !$*UTF8*$!
{
	archiveVersion = 1;
	classes = {
	};
	objectVersion = 50;
	objects = {

/* Begin PBXBuildFile section */
		0672CC1825E34C8800AB2AFB /* VideoViewController.swift in Sources */ = {isa = PBXBuildFile; fileRef = 0672CC1725E34C8800AB2AFB /* VideoViewController.swift */; };
		06DAEB2125E0BF8B002A2179 /* AppDelegate.swift in Sources */ = {isa = PBXBuildFile; fileRef = 06DAEB2025E0BF8B002A2179 /* AppDelegate.swift */; };
		06DAEB2325E0BF8B002A2179 /* SceneDelegate.swift in Sources */ = {isa = PBXBuildFile; fileRef = 06DAEB2225E0BF8B002A2179 /* SceneDelegate.swift */; };
		06DAEB2525E0BF8B002A2179 /* ViewController.swift in Sources */ = {isa = PBXBuildFile; fileRef = 06DAEB2425E0BF8B002A2179 /* ViewController.swift */; };
		06DAEB2825E0BF8B002A2179 /* Main.storyboard in Resources */ = {isa = PBXBuildFile; fileRef = 06DAEB2625E0BF8B002A2179 /* Main.storyboard */; };
		06DAEB2A25E0BF8C002A2179 /* Assets.xcassets in Resources */ = {isa = PBXBuildFile; fileRef = 06DAEB2925E0BF8C002A2179 /* Assets.xcassets */; };
		06DAEB2D25E0BF8C002A2179 /* LaunchScreen.storyboard in Resources */ = {isa = PBXBuildFile; fileRef = 06DAEB2B25E0BF8C002A2179 /* LaunchScreen.storyboard */; };
		06DAEB3925E34C2D002A2179 /* AVPlayerViewController.swift in Sources */ = {isa = PBXBuildFile; fileRef = 06DAEB3825E34C2D002A2179 /* AVPlayerViewController.swift */; };
/* End PBXBuildFile section */

/* Begin PBXFileReference section */
		0672CC1725E34C8800AB2AFB /* VideoViewController.swift */ = {isa = PBXFileReference; lastKnownFileType = sourcecode.swift; path = VideoViewController.swift; sourceTree = "<group>"; };
		06DAEB1D25E0BF8B002A2179 /* BasicVideoPlayer.app */ = {isa = PBXFileReference; explicitFileType = wrapper.application; includeInIndex = 0; path = BasicVideoPlayer.app; sourceTree = BUILT_PRODUCTS_DIR; };
		06DAEB2025E0BF8B002A2179 /* AppDelegate.swift */ = {isa = PBXFileReference; lastKnownFileType = sourcecode.swift; path = AppDelegate.swift; sourceTree = "<group>"; };
		06DAEB2225E0BF8B002A2179 /* SceneDelegate.swift */ = {isa = PBXFileReference; lastKnownFileType = sourcecode.swift; path = SceneDelegate.swift; sourceTree = "<group>"; };
		06DAEB2425E0BF8B002A2179 /* ViewController.swift */ = {isa = PBXFileReference; lastKnownFileType = sourcecode.swift; path = ViewController.swift; sourceTree = "<group>"; };
		06DAEB2725E0BF8B002A2179 /* Base */ = {isa = PBXFileReference; lastKnownFileType = file.storyboard; name = Base; path = Base.lproj/Main.storyboard; sourceTree = "<group>"; };
		06DAEB2925E0BF8C002A2179 /* Assets.xcassets */ = {isa = PBXFileReference; lastKnownFileType = folder.assetcatalog; path = Assets.xcassets; sourceTree = "<group>"; };
		06DAEB2C25E0BF8C002A2179 /* Base */ = {isa = PBXFileReference; lastKnownFileType = file.storyboard; name = Base; path = Base.lproj/LaunchScreen.storyboard; sourceTree = "<group>"; };
		06DAEB2E25E0BF8C002A2179 /* Info.plist */ = {isa = PBXFileReference; lastKnownFileType = text.plist.xml; path = Info.plist; sourceTree = "<group>"; };
		06DAEB3625E34B52002A2179 /* SampleVideo.mp4 */ = {isa = PBXFileReference; lastKnownFileType = file; name = SampleVideo.mp4; path = ../../../../../Downloads/SampleVideo.mp4; sourceTree = "<group>"; };
		06DAEB3825E34C2D002A2179 /* AVPlayerViewController.swift */ = {isa = PBXFileReference; lastKnownFileType = sourcecode.swift; path = AVPlayerViewController.swift; sourceTree = "<group>"; };
/* End PBXFileReference section */

/* Begin PBXFrameworksBuildPhase section */
		06DAEB1A25E0BF8B002A2179 /* Frameworks */ = {
			isa = PBXFrameworksBuildPhase;
			buildActionMask = 2147483647;
			files = (
			);
			runOnlyForDeploymentPostprocessing = 0;
		};
/* End PBXFrameworksBuildPhase section */

/* Begin PBXGroup section */
		06DAEB1425E0BF8B002A2179 = {
			isa = PBXGroup;
			children = (
				06DAEB1F25E0BF8B002A2179 /* BasicVideoPlayer */,
				06DAEB1E25E0BF8B002A2179 /* Products */,
			);
			sourceTree = "<group>";
		};
		06DAEB1E25E0BF8B002A2179 /* Products */ = {
			isa = PBXGroup;
			children = (
				06DAEB1D25E0BF8B002A2179 /* BasicVideoPlayer.app */,
			);
			name = Products;
			sourceTree = "<group>";
		};
		06DAEB1F25E0BF8B002A2179 /* BasicVideoPlayer */ = {
			isa = PBXGroup;
			children = (
				06DAEB3525E34B4A002A2179 /* Video */,
				06DAEB2025E0BF8B002A2179 /* AppDelegate.swift */,
				06DAEB2225E0BF8B002A2179 /* SceneDelegate.swift */,
				06DAEB2425E0BF8B002A2179 /* ViewController.swift */,
				06DAEB2625E0BF8B002A2179 /* Main.storyboard */,
				06DAEB2925E0BF8C002A2179 /* Assets.xcassets */,
				06DAEB2B25E0BF8C002A2179 /* LaunchScreen.storyboard */,
				06DAEB2E25E0BF8C002A2179 /* Info.plist */,
				06DAEB3825E34C2D002A2179 /* AVPlayerViewController.swift */,
				0672CC1725E34C8800AB2AFB /* VideoViewController.swift */,
			);
			path = BasicVideoPlayer;
			sourceTree = "<group>";
		};
		06DAEB3525E34B4A002A2179 /* Video */ = {
			isa = PBXGroup;
			children = (
				06DAEB3625E34B52002A2179 /* SampleVideo.mp4 */,
			);
			path = Video;
			sourceTree = "<group>";
		};
/* End PBXGroup section */

/* Begin PBXNativeTarget section */
		06DAEB1C25E0BF8B002A2179 /* BasicVideoPlayer */ = {
			isa = PBXNativeTarget;
			buildConfigurationList = 06DAEB3125E0BF8C002A2179 /* Build configuration list for PBXNativeTarget "BasicVideoPlayer" */;
			buildPhases = (
				06DAEB1925E0BF8B002A2179 /* Sources */,
				06DAEB1A25E0BF8B002A2179 /* Frameworks */,
				06DAEB1B25E0BF8B002A2179 /* Resources */,
			);
			buildRules = (
			);
			dependencies = (
			);
			name = BasicVideoPlayer;
			productName = BasicVideoPlayer;
			productReference = 06DAEB1D25E0BF8B002A2179 /* BasicVideoPlayer.app */;
			productType = "com.apple.product-type.application";
		};
/* End PBXNativeTarget section */

/* Begin PBXProject section */
		06DAEB1525E0BF8B002A2179 /* Project object */ = {
			isa = PBXProject;
			attributes = {
				LastSwiftUpdateCheck = 1230;
				LastUpgradeCheck = 1230;
				TargetAttributes = {
					06DAEB1C25E0BF8B002A2179 = {
						CreatedOnToolsVersion = 12.3;
					};
				};
			};
			buildConfigurationList = 06DAEB1825E0BF8B002A2179 /* Build configuration list for PBXProject "BasicVideoPlayer" */;
			compatibilityVersion = "Xcode 9.3";
			developmentRegion = en;
			hasScannedForEncodings = 0;
			knownRegions = (
				en,
				Base,
			);
			mainGroup = 06DAEB1425E0BF8B002A2179;
			productRefGroup = 06DAEB1E25E0BF8B002A2179 /* Products */;
			projectDirPath = "";
			projectRoot = "";
			targets = (
				06DAEB1C25E0BF8B002A2179 /* BasicVideoPlayer */,
			);
		};
/* End PBXProject section */

/* Begin PBXResourcesBuildPhase section */
		06DAEB1B25E0BF8B002A2179 /* Resources */ = {
			isa = PBXResourcesBuildPhase;
			buildActionMask = 2147483647;
			files = (
				06DAEB2D25E0BF8C002A2179 /* LaunchScreen.storyboard in Resources */,
				06DAEB2A25E0BF8C002A2179 /* Assets.xcassets in Resources */,
				06DAEB2825E0BF8B002A2179 /* Main.storyboard in Resources */,
			);
			runOnlyForDeploymentPostprocessing = 0;
		};
/* End PBXResourcesBuildPhase section */

/* Begin PBXSourcesBuildPhase section */
		06DAEB1925E0BF8B002A2179 /* Sources */ = {
			isa = PBXSourcesBuildPhase;
			buildActionMask = 2147483647;
			files = (
				06DAEB2525E0BF8B002A2179 /* ViewController.swift in Sources */,
				06DAEB2125E0BF8B002A2179 /* AppDelegate.swift in Sources */,
				06DAEB3925E34C2D002A2179 /* AVPlayerViewController.swift in Sources */,
				0672CC1825E34C8800AB2AFB /* VideoViewController.swift in Sources */,
				06DAEB2325E0BF8B002A2179 /* SceneDelegate.swift in Sources */,
			);
			runOnlyForDeploymentPostprocessing = 0;
		};
/* End PBXSourcesBuildPhase section */

/* Begin PBXVariantGroup section */
		06DAEB2625E0BF8B002A2179 /* Main.storyboard */ = {
			isa = PBXVariantGroup;
			children = (
				06DAEB2725E0BF8B002A2179 /* Base */,
			);
			name = Main.storyboard;
			sourceTree = "<group>";
		};
		06DAEB2B25E0BF8C002A2179 /* LaunchScreen.storyboard */ = {
			isa = PBXVariantGroup;
			children = (
				06DAEB2C25E0BF8C002A2179 /* Base */,
			);
			name = LaunchScreen.storyboard;
			sourceTree = "<group>";
		};
/* End PBXVariantGroup section */

/* Begin XCBuildConfiguration section */
		06DAEB2F25E0BF8C002A2179 /* Debug */ = {
			isa = XCBuildConfiguration;
			buildSettings = {
				ALWAYS_SEARCH_USER_PATHS = NO;
				CLANG_ANALYZER_NONNULL = YES;
				CLANG_ANALYZER_NUMBER_OBJECT_CONVERSION = YES_AGGRESSIVE;
				CLANG_CXX_LANGUAGE_STANDARD = "gnu++14";
				CLANG_CXX_LIBRARY = "libc++";
				CLANG_ENABLE_MODULES = YES;
				CLANG_ENABLE_OBJC_ARC = YES;
				CLANG_ENABLE_OBJC_WEAK = YES;
				CLANG_WARN_BLOCK_CAPTURE_AUTORELEASING = YES;
				CLANG_WARN_BOOL_CONVERSION = YES;
				CLANG_WARN_COMMA = YES;
				CLANG_WARN_CONSTANT_CONVERSION = YES;
				CLANG_WARN_DEPRECATED_OBJC_IMPLEMENTATIONS = YES;
				CLANG_WARN_DIRECT_OBJC_ISA_USAGE = YES_ERROR;
				CLANG_WARN_DOCUMENTATION_COMMENTS = YES;
				CLANG_WARN_EMPTY_BODY = YES;
				CLANG_WARN_ENUM_CONVERSION = YES;
				CLANG_WARN_INFINITE_RECURSION = YES;
				CLANG_WARN_INT_CONVERSION = YES;
				CLANG_WARN_NON_LITERAL_NULL_CONVERSION = YES;
				CLANG_WARN_OBJC_IMPLICIT_RETAIN_SELF = YES;
				CLANG_WARN_OBJC_LITERAL_CONVERSION = YES;
				CLANG_WARN_OBJC_ROOT_CLASS = YES_ERROR;
				CLANG_WARN_QUOTED_INCLUDE_IN_FRAMEWORK_HEADER = YES;
				CLANG_WARN_RANGE_LOOP_ANALYSIS = YES;
				CLANG_WARN_STRICT_PROTOTYPES = YES;
				CLANG_WARN_SUSPICIOUS_MOVE = YES;
				CLANG_WARN_UNGUARDED_AVAILABILITY = YES_AGGRESSIVE;
				CLANG_WARN_UNREACHABLE_CODE = YES;
				CLANG_WARN__DUPLICATE_METHOD_MATCH = YES;
				COPY_PHASE_STRIP = NO;
				DEBUG_INFORMATION_FORMAT = dwarf;
				ENABLE_STRICT_OBJC_MSGSEND = YES;
				ENABLE_TESTABILITY = YES;
				GCC_C_LANGUAGE_STANDARD = gnu11;
				GCC_DYNAMIC_NO_PIC = NO;
				GCC_NO_COMMON_BLOCKS = YES;
				GCC_OPTIMIZATION_LEVEL = 0;
				GCC_PREPROCESSOR_DEFINITIONS = (
					"DEBUG=1",
					"$(inherited)",
				);
				GCC_WARN_64_TO_32_BIT_CONVERSION = YES;
				GCC_WARN_ABOUT_RETURN_TYPE = YES_ERROR;
				GCC_WARN_UNDECLARED_SELECTOR = YES;
				GCC_WARN_UNINITIALIZED_AUTOS = YES_AGGRESSIVE;
				GCC_WARN_UNUSED_FUNCTION = YES;
				GCC_WARN_UNUSED_VARIABLE = YES;
				IPHONEOS_DEPLOYMENT_TARGET = 14.3;
				MTL_ENABLE_DEBUG_INFO = INCLUDE_SOURCE;
				MTL_FAST_MATH = YES;
				ONLY_ACTIVE_ARCH = YES;
				SDKROOT = iphoneos;
				SWIFT_ACTIVE_COMPILATION_CONDITIONS = DEBUG;
				SWIFT_OPTIMIZATION_LEVEL = "-Onone";
			};
			name = Debug;
		};
		06DAEB3025E0BF8C002A2179 /* Release */ = {
			isa = XCBuildConfiguration;
			buildSettings = {
				ALWAYS_SEARCH_USER_PATHS = NO;
				CLANG_ANALYZER_NONNULL = YES;
				CLANG_ANALYZER_NUMBER_OBJECT_CONVERSION = YES_AGGRESSIVE;
				CLANG_CXX_LANGUAGE_STANDARD = "gnu++14";
				CLANG_CXX_LIBRARY = "libc++";
				CLANG_ENABLE_MODULES = YES;
				CLANG_ENABLE_OBJC_ARC = YES;
				CLANG_ENABLE_OBJC_WEAK = YES;
				CLANG_WARN_BLOCK_CAPTURE_AUTORELEASING = YES;
				CLANG_WARN_BOOL_CONVERSION = YES;
				CLANG_WARN_COMMA = YES;
				CLANG_WARN_CONSTANT_CONVERSION = YES;
				CLANG_WARN_DEPRECATED_OBJC_IMPLEMENTATIONS = YES;
				CLANG_WARN_DIRECT_OBJC_ISA_USAGE = YES_ERROR;
				CLANG_WARN_DOCUMENTATION_COMMENTS = YES;
				CLANG_WARN_EMPTY_BODY = YES;
				CLANG_WARN_ENUM_CONVERSION = YES;
				CLANG_WARN_INFINITE_RECURSION = YES;
				CLANG_WARN_INT_CONVERSION = YES;
				CLANG_WARN_NON_LITERAL_NULL_CONVERSION = YES;
				CLANG_WARN_OBJC_IMPLICIT_RETAIN_SELF = YES;
				CLANG_WARN_OBJC_LITERAL_CONVERSION = YES;
				CLANG_WARN_OBJC_ROOT_CLASS = YES_ERROR;
				CLANG_WARN_QUOTED_INCLUDE_IN_FRAMEWORK_HEADER = YES;
				CLANG_WARN_RANGE_LOOP_ANALYSIS = YES;
				CLANG_WARN_STRICT_PROTOTYPES = YES;
				CLANG_WARN_SUSPICIOUS_MOVE = YES;
				CLANG_WARN_UNGUARDED_AVAILABILITY = YES_AGGRESSIVE;
				CLANG_WARN_UNREACHABLE_CODE = YES;
				CLANG_WARN__DUPLICATE_METHOD_MATCH = YES;
				COPY_PHASE_STRIP = NO;
				DEBUG_INFORMATION_FORMAT = "dwarf-with-dsym";
				ENABLE_NS_ASSERTIONS = NO;
				ENABLE_STRICT_OBJC_MSGSEND = YES;
				GCC_C_LANGUAGE_STANDARD = gnu11;
				GCC_NO_COMMON_BLOCKS = YES;
				GCC_WARN_64_TO_32_BIT_CONVERSION = YES;
				GCC_WARN_ABOUT_RETURN_TYPE = YES_ERROR;
				GCC_WARN_UNDECLARED_SELECTOR = YES;
				GCC_WARN_UNINITIALIZED_AUTOS = YES_AGGRESSIVE;
				GCC_WARN_UNUSED_FUNCTION = YES;
				GCC_WARN_UNUSED_VARIABLE = YES;
				IPHONEOS_DEPLOYMENT_TARGET = 14.3;
				MTL_ENABLE_DEBUG_INFO = NO;
				MTL_FAST_MATH = YES;
				SDKROOT = iphoneos;
				SWIFT_COMPILATION_MODE = wholemodule;
				SWIFT_OPTIMIZATION_LEVEL = "-O";
				VALIDATE_PRODUCT = YES;
			};
			name = Release;
		};
		06DAEB3225E0BF8C002A2179 /* Debug */ = {
			isa = XCBuildConfiguration;
			buildSettings = {
				ASSETCATALOG_COMPILER_APPICON_NAME = AppIcon;
				ASSETCATALOG_COMPILER_GLOBAL_ACCENT_COLOR_NAME = AccentColor;
				CODE_SIGN_STYLE = Automatic;
				DEVELOPMENT_TEAM = RKSNRHW63A;
				INFOPLIST_FILE = BasicVideoPlayer/Info.plist;
				LD_RUNPATH_SEARCH_PATHS = (
					"$(inherited)",
					"@executable_path/Frameworks",
				);
				PRODUCT_BUNDLE_IDENTIFIER = com.pangeun.BasicVideoPlayer;
				PRODUCT_NAME = "$(TARGET_NAME)";
				SWIFT_VERSION = 5.0;
				TARGETED_DEVICE_FAMILY = "1,2";
			};
			name = Debug;
		};
		06DAEB3325E0BF8C002A2179 /* Release */ = {
			isa = XCBuildConfiguration;
			buildSettings = {
				ASSETCATALOG_COMPILER_APPICON_NAME = AppIcon;
				ASSETCATALOG_COMPILER_GLOBAL_ACCENT_COLOR_NAME = AccentColor;
				CODE_SIGN_STYLE = Automatic;
				DEVELOPMENT_TEAM = RKSNRHW63A;
				INFOPLIST_FILE = BasicVideoPlayer/Info.plist;
				LD_RUNPATH_SEARCH_PATHS = (
					"$(inherited)",
					"@executable_path/Frameworks",
				);
				PRODUCT_BUNDLE_IDENTIFIER = com.pangeun.BasicVideoPlayer;
				PRODUCT_NAME = "$(TARGET_NAME)";
				SWIFT_VERSION = 5.0;
				TARGETED_DEVICE_FAMILY = "1,2";
			};
			name = Release;
		};
/* End XCBuildConfiguration section */

/* Begin XCConfigurationList section */
		06DAEB1825E0BF8B002A2179 /* Build configuration list for PBXProject "BasicVideoPlayer" */ = {
			isa = XCConfigurationList;
			buildConfigurations = (
				06DAEB2F25E0BF8C002A2179 /* Debug */,
				06DAEB3025E0BF8C002A2179 /* Release */,
			);
			defaultConfigurationIsVisible = 0;
			defaultConfigurationName = Release;
		};
		06DAEB3125E0BF8C002A2179 /* Build configuration list for PBXNativeTarget "BasicVideoPlayer" */ = {
			isa = XCConfigurationList;
			buildConfigurations = (
				06DAEB3225E0BF8C002A2179 /* Debug */,
				06DAEB3325E0BF8C002A2179 /* Release */,
			);
			defaultConfigurationIsVisible = 0;
			defaultConfigurationName = Release;
		};
/* End XCConfigurationList section */
	};
	rootObject = 06DAEB1525E0BF8B002A2179 /* Project object */;
}
