// !$*UTF8*$!
{
	archiveVersion = 1;
	classes = {
	};
	objectVersion = 51;
	objects = {

/* Begin PBXBuildFile section */
		066BB8DA25A9792E00368545 /* AppDelegate.swift in Sources */ = {isa = PBXBuildFile; fileRef = 066BB8D925A9792E00368545 /* AppDelegate.swift */; };
		066BB8DC25A9792E00368545 /* SceneDelegate.swift in Sources */ = {isa = PBXBuildFile; fileRef = 066BB8DB25A9792E00368545 /* SceneDelegate.swift */; };
		066BB8DE25A9792E00368545 /* ViewController.swift in Sources */ = {isa = PBXBuildFile; fileRef = 066BB8DD25A9792E00368545 /* ViewController.swift */; };
		066BB8E325A9793600368545 /* Assets.xcassets in Resources */ = {isa = PBXBuildFile; fileRef = 066BB8E225A9793600368545 /* Assets.xcassets */; };
		066BB8E625A9793600368545 /* LaunchScreen.storyboard in Resources */ = {isa = PBXBuildFile; fileRef = 066BB8E425A9793600368545 /* LaunchScreen.storyboard */; };
		ED235FD202C770A7EF7EED8D /* Pods_AutoLayout01.framework in Frameworks */ = {isa = PBXBuildFile; fileRef = CF0B0BD8587ACE503BEFEF39 /* Pods_AutoLayout01.framework */; };
/* End PBXBuildFile section */

/* Begin PBXFileReference section */
		066BB8D625A9792D00368545 /* AutoLayout01.app */ = {isa = PBXFileReference; explicitFileType = wrapper.application; includeInIndex = 0; path = AutoLayout01.app; sourceTree = BUILT_PRODUCTS_DIR; };
		066BB8D925A9792E00368545 /* AppDelegate.swift */ = {isa = PBXFileReference; lastKnownFileType = sourcecode.swift; path = AppDelegate.swift; sourceTree = "<group>"; };
		066BB8DB25A9792E00368545 /* SceneDelegate.swift */ = {isa = PBXFileReference; lastKnownFileType = sourcecode.swift; path = SceneDelegate.swift; sourceTree = "<group>"; };
		066BB8DD25A9792E00368545 /* ViewController.swift */ = {isa = PBXFileReference; lastKnownFileType = sourcecode.swift; path = ViewController.swift; sourceTree = "<group>"; };
		066BB8E225A9793600368545 /* Assets.xcassets */ = {isa = PBXFileReference; lastKnownFileType = folder.assetcatalog; path = Assets.xcassets; sourceTree = "<group>"; };
		066BB8E525A9793600368545 /* Base */ = {isa = PBXFileReference; lastKnownFileType = file.storyboard; name = Base; path = Base.lproj/LaunchScreen.storyboard; sourceTree = "<group>"; };
		066BB8E725A9793600368545 /* Info.plist */ = {isa = PBXFileReference; lastKnownFileType = text.plist.xml; path = Info.plist; sourceTree = "<group>"; };
		40350FD63A6E95B0AB2CD153 /* Pods-AutoLayout01.release.xcconfig */ = {isa = PBXFileReference; includeInIndex = 1; lastKnownFileType = text.xcconfig; name = "Pods-AutoLayout01.release.xcconfig"; path = "Target Support Files/Pods-AutoLayout01/Pods-AutoLayout01.release.xcconfig"; sourceTree = "<group>"; };
		CF0B0BD8587ACE503BEFEF39 /* Pods_AutoLayout01.framework */ = {isa = PBXFileReference; explicitFileType = wrapper.framework; includeInIndex = 0; path = Pods_AutoLayout01.framework; sourceTree = BUILT_PRODUCTS_DIR; };
		D2A6EDEB470FEB53CD629D27 /* Pods-AutoLayout01.debug.xcconfig */ = {isa = PBXFileReference; includeInIndex = 1; lastKnownFileType = text.xcconfig; name = "Pods-AutoLayout01.debug.xcconfig"; path = "Target Support Files/Pods-AutoLayout01/Pods-AutoLayout01.debug.xcconfig"; sourceTree = "<group>"; };
/* End PBXFileReference section */

/* Begin PBXFrameworksBuildPhase section */
		066BB8D325A9792D00368545 /* Frameworks */ = {
			isa = PBXFrameworksBuildPhase;
			buildActionMask = 2147483647;
			files = (
				ED235FD202C770A7EF7EED8D /* Pods_AutoLayout01.framework in Frameworks */,
			);
			runOnlyForDeploymentPostprocessing = 0;
		};
/* End PBXFrameworksBuildPhase section */

/* Begin PBXGroup section */
		066BB8CD25A9792D00368545 = {
			isa = PBXGroup;
			children = (
				066BB8D825A9792D00368545 /* AutoLayout01 */,
				066BB8D725A9792D00368545 /* Products */,
				C87D54E0B39C58709D2D2A2A /* Pods */,
				94023F44DC0103755FF55640 /* Frameworks */,
			);
			sourceTree = "<group>";
		};
		066BB8D725A9792D00368545 /* Products */ = {
			isa = PBXGroup;
			children = (
				066BB8D625A9792D00368545 /* AutoLayout01.app */,
			);
			name = Products;
			sourceTree = "<group>";
		};
		066BB8D825A9792D00368545 /* AutoLayout01 */ = {
			isa = PBXGroup;
			children = (
				066BB8D925A9792E00368545 /* AppDelegate.swift */,
				066BB8DB25A9792E00368545 /* SceneDelegate.swift */,
				066BB8DD25A9792E00368545 /* ViewController.swift */,
				066BB8E225A9793600368545 /* Assets.xcassets */,
				066BB8E425A9793600368545 /* LaunchScreen.storyboard */,
				066BB8E725A9793600368545 /* Info.plist */,
			);
			path = AutoLayout01;
			sourceTree = "<group>";
		};
		94023F44DC0103755FF55640 /* Frameworks */ = {
			isa = PBXGroup;
			children = (
				CF0B0BD8587ACE503BEFEF39 /* Pods_AutoLayout01.framework */,
			);
			name = Frameworks;
			sourceTree = "<group>";
		};
		C87D54E0B39C58709D2D2A2A /* Pods */ = {
			isa = PBXGroup;
			children = (
				D2A6EDEB470FEB53CD629D27 /* Pods-AutoLayout01.debug.xcconfig */,
				40350FD63A6E95B0AB2CD153 /* Pods-AutoLayout01.release.xcconfig */,
			);
			path = Pods;
			sourceTree = "<group>";
		};
/* End PBXGroup section */

/* Begin PBXNativeTarget section */
		066BB8D525A9792D00368545 /* AutoLayout01 */ = {
			isa = PBXNativeTarget;
			buildConfigurationList = 066BB8EA25A9793600368545 /* Build configuration list for PBXNativeTarget "AutoLayout01" */;
			buildPhases = (
				C19C6ACF02D659940CF45F88 /* [CP] Check Pods Manifest.lock */,
				066BB8D225A9792D00368545 /* Sources */,
				066BB8D325A9792D00368545 /* Frameworks */,
				066BB8D425A9792D00368545 /* Resources */,
				D0AEAA139C509C37CA975243 /* [CP] Embed Pods Frameworks */,
			);
			buildRules = (
			);
			dependencies = (
			);
			name = AutoLayout01;
			productName = AutoLayout01;
			productReference = 066BB8D625A9792D00368545 /* AutoLayout01.app */;
			productType = "com.apple.product-type.application";
		};
/* End PBXNativeTarget section */

/* Begin PBXProject section */
		066BB8CE25A9792D00368545 /* Project object */ = {
			isa = PBXProject;
			attributes = {
				LastSwiftUpdateCheck = 1220;
				LastUpgradeCheck = 1220;
				TargetAttributes = {
					066BB8D525A9792D00368545 = {
						CreatedOnToolsVersion = 12.2;
					};
				};
			};
			buildConfigurationList = 066BB8D125A9792D00368545 /* Build configuration list for PBXProject "AutoLayout01" */;
			compatibilityVersion = "Xcode 9.3";
			developmentRegion = en;
			hasScannedForEncodings = 0;
			knownRegions = (
				en,
				Base,
			);
			mainGroup = 066BB8CD25A9792D00368545;
			productRefGroup = 066BB8D725A9792D00368545 /* Products */;
			projectDirPath = "";
			projectRoot = "";
			targets = (
				066BB8D525A9792D00368545 /* AutoLayout01 */,
			);
		};
/* End PBXProject section */

/* Begin PBXResourcesBuildPhase section */
		066BB8D425A9792D00368545 /* Resources */ = {
			isa = PBXResourcesBuildPhase;
			buildActionMask = 2147483647;
			files = (
				066BB8E625A9793600368545 /* LaunchScreen.storyboard in Resources */,
				066BB8E325A9793600368545 /* Assets.xcassets in Resources */,
			);
			runOnlyForDeploymentPostprocessing = 0;
		};
/* End PBXResourcesBuildPhase section */

/* Begin PBXShellScriptBuildPhase section */
		C19C6ACF02D659940CF45F88 /* [CP] Check Pods Manifest.lock */ = {
			isa = PBXShellScriptBuildPhase;
			buildActionMask = 2147483647;
			files = (
			);
			inputFileListPaths = (
			);
			inputPaths = (
				"${PODS_PODFILE_DIR_PATH}/Podfile.lock",
				"${PODS_ROOT}/Manifest.lock",
			);
			name = "[CP] Check Pods Manifest.lock";
			outputFileListPaths = (
			);
			outputPaths = (
				"$(DERIVED_FILE_DIR)/Pods-AutoLayout01-checkManifestLockResult.txt",
			);
			runOnlyForDeploymentPostprocessing = 0;
			shellPath = /bin/sh;
			shellScript = "diff \"${PODS_PODFILE_DIR_PATH}/Podfile.lock\" \"${PODS_ROOT}/Manifest.lock\" > /dev/null\nif [ $? != 0 ] ; then\n    # print error to STDERR\n    echo \"error: The sandbox is not in sync with the Podfile.lock. Run 'pod install' or update your CocoaPods installation.\" >&2\n    exit 1\nfi\n# This output is used by Xcode 'outputs' to avoid re-running this script phase.\necho \"SUCCESS\" > \"${SCRIPT_OUTPUT_FILE_0}\"\n";
			showEnvVarsInLog = 0;
		};
		D0AEAA139C509C37CA975243 /* [CP] Embed Pods Frameworks */ = {
			isa = PBXShellScriptBuildPhase;
			buildActionMask = 2147483647;
			files = (
			);
			inputFileListPaths = (
				"${PODS_ROOT}/Target Support Files/Pods-AutoLayout01/Pods-AutoLayout01-frameworks-${CONFIGURATION}-input-files.xcfilelist",
			);
			name = "[CP] Embed Pods Frameworks";
			outputFileListPaths = (
				"${PODS_ROOT}/Target Support Files/Pods-AutoLayout01/Pods-AutoLayout01-frameworks-${CONFIGURATION}-output-files.xcfilelist",
			);
			runOnlyForDeploymentPostprocessing = 0;
			shellPath = /bin/sh;
			shellScript = "\"${PODS_ROOT}/Target Support Files/Pods-AutoLayout01/Pods-AutoLayout01-frameworks.sh\"\n";
			showEnvVarsInLog = 0;
		};
/* End PBXShellScriptBuildPhase section */

/* Begin PBXSourcesBuildPhase section */
		066BB8D225A9792D00368545 /* Sources */ = {
			isa = PBXSourcesBuildPhase;
			buildActionMask = 2147483647;
			files = (
				066BB8DE25A9792E00368545 /* ViewController.swift in Sources */,
				066BB8DA25A9792E00368545 /* AppDelegate.swift in Sources */,
				066BB8DC25A9792E00368545 /* SceneDelegate.swift in Sources */,
			);
			runOnlyForDeploymentPostprocessing = 0;
		};
/* End PBXSourcesBuildPhase section */

/* Begin PBXVariantGroup section */
		066BB8E425A9793600368545 /* LaunchScreen.storyboard */ = {
			isa = PBXVariantGroup;
			children = (
				066BB8E525A9793600368545 /* Base */,
			);
			name = LaunchScreen.storyboard;
			sourceTree = "<group>";
		};
/* End PBXVariantGroup section */

/* Begin XCBuildConfiguration section */
		066BB8E825A9793600368545 /* Debug */ = {
			isa = XCBuildConfiguration;
			buildSettings = {
				ALWAYS_SEARCH_USER_PATHS = NO;
				CLANG_ANALYZER_NONNULL = YES;
				CLANG_ANALYZER_NUMBER_OBJECT_CONVERSION = YES_AGGRESSIVE;
				CLANG_CXX_LANGUAGE_STANDARD = "gnu++14";
				CLANG_CXX_LIBRARY = "libc++";
				CLANG_ENABLE_MODULES = YES;
				CLANG_ENABLE_OBJC_ARC = YES;
				CLANG_ENABLE_OBJC_WEAK = YES;
				CLANG_WARN_BLOCK_CAPTURE_AUTORELEASING = YES;
				CLANG_WARN_BOOL_CONVERSION = YES;
				CLANG_WARN_COMMA = YES;
				CLANG_WARN_CONSTANT_CONVERSION = YES;
				CLANG_WARN_DEPRECATED_OBJC_IMPLEMENTATIONS = YES;
				CLANG_WARN_DIRECT_OBJC_ISA_USAGE = YES_ERROR;
				CLANG_WARN_DOCUMENTATION_COMMENTS = YES;
				CLANG_WARN_EMPTY_BODY = YES;
				CLANG_WARN_ENUM_CONVERSION = YES;
				CLANG_WARN_INFINITE_RECURSION = YES;
				CLANG_WARN_INT_CONVERSION = YES;
				CLANG_WARN_NON_LITERAL_NULL_CONVERSION = YES;
				CLANG_WARN_OBJC_IMPLICIT_RETAIN_SELF = YES;
				CLANG_WARN_OBJC_LITERAL_CONVERSION = YES;
				CLANG_WARN_OBJC_ROOT_CLASS = YES_ERROR;
				CLANG_WARN_QUOTED_INCLUDE_IN_FRAMEWORK_HEADER = YES;
				CLANG_WARN_RANGE_LOOP_ANALYSIS = YES;
				CLANG_WARN_STRICT_PROTOTYPES = YES;
				CLANG_WARN_SUSPICIOUS_MOVE = YES;
				CLANG_WARN_UNGUARDED_AVAILABILITY = YES_AGGRESSIVE;
				CLANG_WARN_UNREACHABLE_CODE = YES;
				CLANG_WARN__DUPLICATE_METHOD_MATCH = YES;
				COPY_PHASE_STRIP = NO;
				DEBUG_INFORMATION_FORMAT = dwarf;
				ENABLE_STRICT_OBJC_MSGSEND = YES;
				ENABLE_TESTABILITY = YES;
				GCC_C_LANGUAGE_STANDARD = gnu11;
				GCC_DYNAMIC_NO_PIC = NO;
				GCC_NO_COMMON_BLOCKS = YES;
				GCC_OPTIMIZATION_LEVEL = 0;
				GCC_PREPROCESSOR_DEFINITIONS = (
					"DEBUG=1",
					"$(inherited)",
				);
				GCC_WARN_64_TO_32_BIT_CONVERSION = YES;
				GCC_WARN_ABOUT_RETURN_TYPE = YES_ERROR;
				GCC_WARN_UNDECLARED_SELECTOR = YES;
				GCC_WARN_UNINITIALIZED_AUTOS = YES_AGGRESSIVE;
				GCC_WARN_UNUSED_FUNCTION = YES;
				GCC_WARN_UNUSED_VARIABLE = YES;
				IPHONEOS_DEPLOYMENT_TARGET = 14.2;
				MTL_ENABLE_DEBUG_INFO = INCLUDE_SOURCE;
				MTL_FAST_MATH = YES;
				ONLY_ACTIVE_ARCH = YES;
				SDKROOT = iphoneos;
				SWIFT_ACTIVE_COMPILATION_CONDITIONS = DEBUG;
				SWIFT_OPTIMIZATION_LEVEL = "-Onone";
			};
			name = Debug;
		};
		066BB8E925A9793600368545 /* Release */ = {
			isa = XCBuildConfiguration;
			buildSettings = {
				ALWAYS_SEARCH_USER_PATHS = NO;
				CLANG_ANALYZER_NONNULL = YES;
				CLANG_ANALYZER_NUMBER_OBJECT_CONVERSION = YES_AGGRESSIVE;
				CLANG_CXX_LANGUAGE_STANDARD = "gnu++14";
				CLANG_CXX_LIBRARY = "libc++";
				CLANG_ENABLE_MODULES = YES;
				CLANG_ENABLE_OBJC_ARC = YES;
				CLANG_ENABLE_OBJC_WEAK = YES;
				CLANG_WARN_BLOCK_CAPTURE_AUTORELEASING = YES;
				CLANG_WARN_BOOL_CONVERSION = YES;
				CLANG_WARN_COMMA = YES;
				CLANG_WARN_CONSTANT_CONVERSION = YES;
				CLANG_WARN_DEPRECATED_OBJC_IMPLEMENTATIONS = YES;
				CLANG_WARN_DIRECT_OBJC_ISA_USAGE = YES_ERROR;
				CLANG_WARN_DOCUMENTATION_COMMENTS = YES;
				CLANG_WARN_EMPTY_BODY = YES;
				CLANG_WARN_ENUM_CONVERSION = YES;
				CLANG_WARN_INFINITE_RECURSION = YES;
				CLANG_WARN_INT_CONVERSION = YES;
				CLANG_WARN_NON_LITERAL_NULL_CONVERSION = YES;
				CLANG_WARN_OBJC_IMPLICIT_RETAIN_SELF = YES;
				CLANG_WARN_OBJC_LITERAL_CONVERSION = YES;
				CLANG_WARN_OBJC_ROOT_CLASS = YES_ERROR;
				CLANG_WARN_QUOTED_INCLUDE_IN_FRAMEWORK_HEADER = YES;
				CLANG_WARN_RANGE_LOOP_ANALYSIS = YES;
				CLANG_WARN_STRICT_PROTOTYPES = YES;
				CLANG_WARN_SUSPICIOUS_MOVE = YES;
				CLANG_WARN_UNGUARDED_AVAILABILITY = YES_AGGRESSIVE;
				CLANG_WARN_UNREACHABLE_CODE = YES;
				CLANG_WARN__DUPLICATE_METHOD_MATCH = YES;
				COPY_PHASE_STRIP = NO;
				DEBUG_INFORMATION_FORMAT = "dwarf-with-dsym";
				ENABLE_NS_ASSERTIONS = NO;
				ENABLE_STRICT_OBJC_MSGSEND = YES;
				GCC_C_LANGUAGE_STANDARD = gnu11;
				GCC_NO_COMMON_BLOCKS = YES;
				GCC_WARN_64_TO_32_BIT_CONVERSION = YES;
				GCC_WARN_ABOUT_RETURN_TYPE = YES_ERROR;
				GCC_WARN_UNDECLARED_SELECTOR = YES;
				GCC_WARN_UNINITIALIZED_AUTOS = YES_AGGRESSIVE;
				GCC_WARN_UNUSED_FUNCTION = YES;
				GCC_WARN_UNUSED_VARIABLE = YES;
				IPHONEOS_DEPLOYMENT_TARGET = 14.2;
				MTL_ENABLE_DEBUG_INFO = NO;
				MTL_FAST_MATH = YES;
				SDKROOT = iphoneos;
				SWIFT_COMPILATION_MODE = wholemodule;
				SWIFT_OPTIMIZATION_LEVEL = "-O";
				VALIDATE_PRODUCT = YES;
			};
			name = Release;
		};
		066BB8EB25A9793600368545 /* Debug */ = {
			isa = XCBuildConfiguration;
			baseConfigurationReference = D2A6EDEB470FEB53CD629D27 /* Pods-AutoLayout01.debug.xcconfig */;
			buildSettings = {
				ASSETCATALOG_COMPILER_APPICON_NAME = AppIcon;
				ASSETCATALOG_COMPILER_GLOBAL_ACCENT_COLOR_NAME = AccentColor;
				CODE_SIGN_STYLE = Automatic;
				DEVELOPMENT_TEAM = RKSNRHW63A;
				INFOPLIST_FILE = AutoLayout01/Info.plist;
				LD_RUNPATH_SEARCH_PATHS = (
					"$(inherited)",
					"@executable_path/Frameworks",
				);
				PRODUCT_BUNDLE_IDENTIFIER = com.pangeun.AutoLayout01;
				PRODUCT_NAME = "$(TARGET_NAME)";
				SWIFT_VERSION = 5.0;
				TARGETED_DEVICE_FAMILY = "1,2";
			};
			name = Debug;
		};
		066BB8EC25A9793600368545 /* Release */ = {
			isa = XCBuildConfiguration;
			baseConfigurationReference = 40350FD63A6E95B0AB2CD153 /* Pods-AutoLayout01.release.xcconfig */;
			buildSettings = {
				ASSETCATALOG_COMPILER_APPICON_NAME = AppIcon;
				ASSETCATALOG_COMPILER_GLOBAL_ACCENT_COLOR_NAME = AccentColor;
				CODE_SIGN_STYLE = Automatic;
				DEVELOPMENT_TEAM = RKSNRHW63A;
				INFOPLIST_FILE = AutoLayout01/Info.plist;
				LD_RUNPATH_SEARCH_PATHS = (
					"$(inherited)",
					"@executable_path/Frameworks",
				);
				PRODUCT_BUNDLE_IDENTIFIER = com.pangeun.AutoLayout01;
				PRODUCT_NAME = "$(TARGET_NAME)";
				SWIFT_VERSION = 5.0;
				TARGETED_DEVICE_FAMILY = "1,2";
			};
			name = Release;
		};
/* End XCBuildConfiguration section */

/* Begin XCConfigurationList section */
		066BB8D125A9792D00368545 /* Build configuration list for PBXProject "AutoLayout01" */ = {
			isa = XCConfigurationList;
			buildConfigurations = (
				066BB8E825A9793600368545 /* Debug */,
				066BB8E925A9793600368545 /* Release */,
			);
			defaultConfigurationIsVisible = 0;
			defaultConfigurationName = Release;
		};
		066BB8EA25A9793600368545 /* Build configuration list for PBXNativeTarget "AutoLayout01" */ = {
			isa = XCConfigurationList;
			buildConfigurations = (
				066BB8EB25A9793600368545 /* Debug */,
				066BB8EC25A9793600368545 /* Release */,
			);
			defaultConfigurationIsVisible = 0;
			defaultConfigurationName = Release;
		};
/* End XCConfigurationList section */
	};
	rootObject = 066BB8CE25A9792D00368545 /* Project object */;
}
