// !$*UTF8*$!
{
	archiveVersion = 1;
	classes = {
	};
	objectVersion = 51;
	objects = {

/* Begin PBXBuildFile section */
		062F18CC25C277F7009A600E /* ViewModel.swift in Sources */ = {isa = PBXBuildFile; fileRef = 062F18CB25C277F7009A600E /* ViewModel.swift */; };
		062F18CF25C27805009A600E /* Repository.swift in Sources */ = {isa = PBXBuildFile; fileRef = 062F18CE25C27805009A600E /* Repository.swift */; };
		06AEA6FA25C275CC00DF902D /* AppDelegate.swift in Sources */ = {isa = PBXBuildFile; fileRef = 06AEA6F925C275CC00DF902D /* AppDelegate.swift */; };
		06AEA6FC25C275CC00DF902D /* SceneDelegate.swift in Sources */ = {isa = PBXBuildFile; fileRef = 06AEA6FB25C275CC00DF902D /* SceneDelegate.swift */; };
		06AEA6FE25C275CC00DF902D /* ViewController.swift in Sources */ = {isa = PBXBuildFile; fileRef = 06AEA6FD25C275CC00DF902D /* ViewController.swift */; };
		06AEA70125C275CC00DF902D /* Main.storyboard in Resources */ = {isa = PBXBuildFile; fileRef = 06AEA6FF25C275CC00DF902D /* Main.storyboard */; };
		06AEA70325C275CD00DF902D /* Assets.xcassets in Resources */ = {isa = PBXBuildFile; fileRef = 06AEA70225C275CD00DF902D /* Assets.xcassets */; };
		06AEA70625C275CD00DF902D /* LaunchScreen.storyboard in Resources */ = {isa = PBXBuildFile; fileRef = 06AEA70425C275CD00DF902D /* LaunchScreen.storyboard */; };
		4BA0660D83DC01007F1F1844 /* Pods_MVVM_RxSwift.framework in Frameworks */ = {isa = PBXBuildFile; fileRef = E861B327C50F0F63BA4D7BF5 /* Pods_MVVM_RxSwift.framework */; };
/* End PBXBuildFile section */

/* Begin PBXFileReference section */
		062F18CB25C277F7009A600E /* ViewModel.swift */ = {isa = PBXFileReference; lastKnownFileType = sourcecode.swift; path = ViewModel.swift; sourceTree = "<group>"; };
		062F18CE25C27805009A600E /* Repository.swift */ = {isa = PBXFileReference; lastKnownFileType = sourcecode.swift; path = Repository.swift; sourceTree = "<group>"; };
		06AEA6F625C275CC00DF902D /* MVVM_RxSwift.app */ = {isa = PBXFileReference; explicitFileType = wrapper.application; includeInIndex = 0; path = MVVM_RxSwift.app; sourceTree = BUILT_PRODUCTS_DIR; };
		06AEA6F925C275CC00DF902D /* AppDelegate.swift */ = {isa = PBXFileReference; lastKnownFileType = sourcecode.swift; path = AppDelegate.swift; sourceTree = "<group>"; };
		06AEA6FB25C275CC00DF902D /* SceneDelegate.swift */ = {isa = PBXFileReference; lastKnownFileType = sourcecode.swift; path = SceneDelegate.swift; sourceTree = "<group>"; };
		06AEA6FD25C275CC00DF902D /* ViewController.swift */ = {isa = PBXFileReference; lastKnownFileType = sourcecode.swift; path = ViewController.swift; sourceTree = "<group>"; };
		06AEA70025C275CC00DF902D /* Base */ = {isa = PBXFileReference; lastKnownFileType = file.storyboard; name = Base; path = Base.lproj/Main.storyboard; sourceTree = "<group>"; };
		06AEA70225C275CD00DF902D /* Assets.xcassets */ = {isa = PBXFileReference; lastKnownFileType = folder.assetcatalog; path = Assets.xcassets; sourceTree = "<group>"; };
		06AEA70525C275CD00DF902D /* Base */ = {isa = PBXFileReference; lastKnownFileType = file.storyboard; name = Base; path = Base.lproj/LaunchScreen.storyboard; sourceTree = "<group>"; };
		06AEA70725C275CD00DF902D /* Info.plist */ = {isa = PBXFileReference; lastKnownFileType = text.plist.xml; path = Info.plist; sourceTree = "<group>"; };
		A8190B8527B01996C4BD1C73 /* Pods-MVVM_RxSwift.debug.xcconfig */ = {isa = PBXFileReference; includeInIndex = 1; lastKnownFileType = text.xcconfig; name = "Pods-MVVM_RxSwift.debug.xcconfig"; path = "Target Support Files/Pods-MVVM_RxSwift/Pods-MVVM_RxSwift.debug.xcconfig"; sourceTree = "<group>"; };
		ACD35480AC2E57A4A5405F56 /* Pods-MVVM_RxSwift.release.xcconfig */ = {isa = PBXFileReference; includeInIndex = 1; lastKnownFileType = text.xcconfig; name = "Pods-MVVM_RxSwift.release.xcconfig"; path = "Target Support Files/Pods-MVVM_RxSwift/Pods-MVVM_RxSwift.release.xcconfig"; sourceTree = "<group>"; };
		E861B327C50F0F63BA4D7BF5 /* Pods_MVVM_RxSwift.framework */ = {isa = PBXFileReference; explicitFileType = wrapper.framework; includeInIndex = 0; path = Pods_MVVM_RxSwift.framework; sourceTree = BUILT_PRODUCTS_DIR; };
/* End PBXFileReference section */

/* Begin PBXFrameworksBuildPhase section */
		06AEA6F325C275CC00DF902D /* Frameworks */ = {
			isa = PBXFrameworksBuildPhase;
			buildActionMask = 2147483647;
			files = (
				4BA0660D83DC01007F1F1844 /* Pods_MVVM_RxSwift.framework in Frameworks */,
			);
			runOnlyForDeploymentPostprocessing = 0;
		};
/* End PBXFrameworksBuildPhase section */

/* Begin PBXGroup section */
		06AEA6ED25C275CC00DF902D = {
			isa = PBXGroup;
			children = (
				06AEA6F825C275CC00DF902D /* MVVM_RxSwift */,
				06AEA6F725C275CC00DF902D /* Products */,
				48418A2B0993A4492F4807F7 /* Pods */,
				849CD087C442DC368E2C214F /* Frameworks */,
			);
			sourceTree = "<group>";
		};
		06AEA6F725C275CC00DF902D /* Products */ = {
			isa = PBXGroup;
			children = (
				06AEA6F625C275CC00DF902D /* MVVM_RxSwift.app */,
			);
			name = Products;
			sourceTree = "<group>";
		};
		06AEA6F825C275CC00DF902D /* MVVM_RxSwift */ = {
			isa = PBXGroup;
			children = (
				06AEA6F925C275CC00DF902D /* AppDelegate.swift */,
				06AEA6FB25C275CC00DF902D /* SceneDelegate.swift */,
				06AEA6FD25C275CC00DF902D /* ViewController.swift */,
				06AEA6FF25C275CC00DF902D /* Main.storyboard */,
				06AEA70225C275CD00DF902D /* Assets.xcassets */,
				06AEA70425C275CD00DF902D /* LaunchScreen.storyboard */,
				06AEA70725C275CD00DF902D /* Info.plist */,
				062F18CB25C277F7009A600E /* ViewModel.swift */,
				062F18CE25C27805009A600E /* Repository.swift */,
			);
			path = MVVM_RxSwift;
			sourceTree = "<group>";
		};
		48418A2B0993A4492F4807F7 /* Pods */ = {
			isa = PBXGroup;
			children = (
				A8190B8527B01996C4BD1C73 /* Pods-MVVM_RxSwift.debug.xcconfig */,
				ACD35480AC2E57A4A5405F56 /* Pods-MVVM_RxSwift.release.xcconfig */,
			);
			path = Pods;
			sourceTree = "<group>";
		};
		849CD087C442DC368E2C214F /* Frameworks */ = {
			isa = PBXGroup;
			children = (
				E861B327C50F0F63BA4D7BF5 /* Pods_MVVM_RxSwift.framework */,
			);
			name = Frameworks;
			sourceTree = "<group>";
		};
/* End PBXGroup section */

/* Begin PBXNativeTarget section */
		06AEA6F525C275CC00DF902D /* MVVM_RxSwift */ = {
			isa = PBXNativeTarget;
			buildConfigurationList = 06AEA70A25C275CD00DF902D /* Build configuration list for PBXNativeTarget "MVVM_RxSwift" */;
			buildPhases = (
				75D250A0711D193824D5D70B /* [CP] Check Pods Manifest.lock */,
				06AEA6F225C275CC00DF902D /* Sources */,
				06AEA6F325C275CC00DF902D /* Frameworks */,
				06AEA6F425C275CC00DF902D /* Resources */,
				690B42472F7529FAF62CF8B9 /* [CP] Embed Pods Frameworks */,
			);
			buildRules = (
			);
			dependencies = (
			);
			name = MVVM_RxSwift;
			productName = MVVM_RxSwift;
			productReference = 06AEA6F625C275CC00DF902D /* MVVM_RxSwift.app */;
			productType = "com.apple.product-type.application";
		};
/* End PBXNativeTarget section */

/* Begin PBXProject section */
		06AEA6EE25C275CC00DF902D /* Project object */ = {
			isa = PBXProject;
			attributes = {
				LastSwiftUpdateCheck = 1230;
				LastUpgradeCheck = 1230;
				TargetAttributes = {
					06AEA6F525C275CC00DF902D = {
						CreatedOnToolsVersion = 12.3;
					};
				};
			};
			buildConfigurationList = 06AEA6F125C275CC00DF902D /* Build configuration list for PBXProject "MVVM_RxSwift" */;
			compatibilityVersion = "Xcode 9.3";
			developmentRegion = en;
			hasScannedForEncodings = 0;
			knownRegions = (
				en,
				Base,
			);
			mainGroup = 06AEA6ED25C275CC00DF902D;
			productRefGroup = 06AEA6F725C275CC00DF902D /* Products */;
			projectDirPath = "";
			projectRoot = "";
			targets = (
				06AEA6F525C275CC00DF902D /* MVVM_RxSwift */,
			);
		};
/* End PBXProject section */

/* Begin PBXResourcesBuildPhase section */
		06AEA6F425C275CC00DF902D /* Resources */ = {
			isa = PBXResourcesBuildPhase;
			buildActionMask = 2147483647;
			files = (
				06AEA70625C275CD00DF902D /* LaunchScreen.storyboard in Resources */,
				06AEA70325C275CD00DF902D /* Assets.xcassets in Resources */,
				06AEA70125C275CC00DF902D /* Main.storyboard in Resources */,
			);
			runOnlyForDeploymentPostprocessing = 0;
		};
/* End PBXResourcesBuildPhase section */

/* Begin PBXShellScriptBuildPhase section */
		690B42472F7529FAF62CF8B9 /* [CP] Embed Pods Frameworks */ = {
			isa = PBXShellScriptBuildPhase;
			buildActionMask = 2147483647;
			files = (
			);
			inputFileListPaths = (
				"${PODS_ROOT}/Target Support Files/Pods-MVVM_RxSwift/Pods-MVVM_RxSwift-frameworks-${CONFIGURATION}-input-files.xcfilelist",
			);
			name = "[CP] Embed Pods Frameworks";
			outputFileListPaths = (
				"${PODS_ROOT}/Target Support Files/Pods-MVVM_RxSwift/Pods-MVVM_RxSwift-frameworks-${CONFIGURATION}-output-files.xcfilelist",
			);
			runOnlyForDeploymentPostprocessing = 0;
			shellPath = /bin/sh;
			shellScript = "\"${PODS_ROOT}/Target Support Files/Pods-MVVM_RxSwift/Pods-MVVM_RxSwift-frameworks.sh\"\n";
			showEnvVarsInLog = 0;
		};
		75D250A0711D193824D5D70B /* [CP] Check Pods Manifest.lock */ = {
			isa = PBXShellScriptBuildPhase;
			buildActionMask = 2147483647;
			files = (
			);
			inputFileListPaths = (
			);
			inputPaths = (
				"${PODS_PODFILE_DIR_PATH}/Podfile.lock",
				"${PODS_ROOT}/Manifest.lock",
			);
			name = "[CP] Check Pods Manifest.lock";
			outputFileListPaths = (
			);
			outputPaths = (
				"$(DERIVED_FILE_DIR)/Pods-MVVM_RxSwift-checkManifestLockResult.txt",
			);
			runOnlyForDeploymentPostprocessing = 0;
			shellPath = /bin/sh;
			shellScript = "diff \"${PODS_PODFILE_DIR_PATH}/Podfile.lock\" \"${PODS_ROOT}/Manifest.lock\" > /dev/null\nif [ $? != 0 ] ; then\n    # print error to STDERR\n    echo \"error: The sandbox is not in sync with the Podfile.lock. Run 'pod install' or update your CocoaPods installation.\" >&2\n    exit 1\nfi\n# This output is used by Xcode 'outputs' to avoid re-running this script phase.\necho \"SUCCESS\" > \"${SCRIPT_OUTPUT_FILE_0}\"\n";
			showEnvVarsInLog = 0;
		};
/* End PBXShellScriptBuildPhase section */

/* Begin PBXSourcesBuildPhase section */
		06AEA6F225C275CC00DF902D /* Sources */ = {
			isa = PBXSourcesBuildPhase;
			buildActionMask = 2147483647;
			files = (
				06AEA6FE25C275CC00DF902D /* ViewController.swift in Sources */,
				06AEA6FA25C275CC00DF902D /* AppDelegate.swift in Sources */,
				062F18CF25C27805009A600E /* Repository.swift in Sources */,
				062F18CC25C277F7009A600E /* ViewModel.swift in Sources */,
				06AEA6FC25C275CC00DF902D /* SceneDelegate.swift in Sources */,
			);
			runOnlyForDeploymentPostprocessing = 0;
		};
/* End PBXSourcesBuildPhase section */

/* Begin PBXVariantGroup section */
		06AEA6FF25C275CC00DF902D /* Main.storyboard */ = {
			isa = PBXVariantGroup;
			children = (
				06AEA70025C275CC00DF902D /* Base */,
			);
			name = Main.storyboard;
			sourceTree = "<group>";
		};
		06AEA70425C275CD00DF902D /* LaunchScreen.storyboard */ = {
			isa = PBXVariantGroup;
			children = (
				06AEA70525C275CD00DF902D /* Base */,
			);
			name = LaunchScreen.storyboard;
			sourceTree = "<group>";
		};
/* End PBXVariantGroup section */

/* Begin XCBuildConfiguration section */
		06AEA70825C275CD00DF902D /* Debug */ = {
			isa = XCBuildConfiguration;
			buildSettings = {
				ALWAYS_SEARCH_USER_PATHS = NO;
				CLANG_ANALYZER_NONNULL = YES;
				CLANG_ANALYZER_NUMBER_OBJECT_CONVERSION = YES_AGGRESSIVE;
				CLANG_CXX_LANGUAGE_STANDARD = "gnu++14";
				CLANG_CXX_LIBRARY = "libc++";
				CLANG_ENABLE_MODULES = YES;
				CLANG_ENABLE_OBJC_ARC = YES;
				CLANG_ENABLE_OBJC_WEAK = YES;
				CLANG_WARN_BLOCK_CAPTURE_AUTORELEASING = YES;
				CLANG_WARN_BOOL_CONVERSION = YES;
				CLANG_WARN_COMMA = YES;
				CLANG_WARN_CONSTANT_CONVERSION = YES;
				CLANG_WARN_DEPRECATED_OBJC_IMPLEMENTATIONS = YES;
				CLANG_WARN_DIRECT_OBJC_ISA_USAGE = YES_ERROR;
				CLANG_WARN_DOCUMENTATION_COMMENTS = YES;
				CLANG_WARN_EMPTY_BODY = YES;
				CLANG_WARN_ENUM_CONVERSION = YES;
				CLANG_WARN_INFINITE_RECURSION = YES;
				CLANG_WARN_INT_CONVERSION = YES;
				CLANG_WARN_NON_LITERAL_NULL_CONVERSION = YES;
				CLANG_WARN_OBJC_IMPLICIT_RETAIN_SELF = YES;
				CLANG_WARN_OBJC_LITERAL_CONVERSION = YES;
				CLANG_WARN_OBJC_ROOT_CLASS = YES_ERROR;
				CLANG_WARN_QUOTED_INCLUDE_IN_FRAMEWORK_HEADER = YES;
				CLANG_WARN_RANGE_LOOP_ANALYSIS = YES;
				CLANG_WARN_STRICT_PROTOTYPES = YES;
				CLANG_WARN_SUSPICIOUS_MOVE = YES;
				CLANG_WARN_UNGUARDED_AVAILABILITY = YES_AGGRESSIVE;
				CLANG_WARN_UNREACHABLE_CODE = YES;
				CLANG_WARN__DUPLICATE_METHOD_MATCH = YES;
				COPY_PHASE_STRIP = NO;
				DEBUG_INFORMATION_FORMAT = dwarf;
				ENABLE_STRICT_OBJC_MSGSEND = YES;
				ENABLE_TESTABILITY = YES;
				GCC_C_LANGUAGE_STANDARD = gnu11;
				GCC_DYNAMIC_NO_PIC = NO;
				GCC_NO_COMMON_BLOCKS = YES;
				GCC_OPTIMIZATION_LEVEL = 0;
				GCC_PREPROCESSOR_DEFINITIONS = (
					"DEBUG=1",
					"$(inherited)",
				);
				GCC_WARN_64_TO_32_BIT_CONVERSION = YES;
				GCC_WARN_ABOUT_RETURN_TYPE = YES_ERROR;
				GCC_WARN_UNDECLARED_SELECTOR = YES;
				GCC_WARN_UNINITIALIZED_AUTOS = YES_AGGRESSIVE;
				GCC_WARN_UNUSED_FUNCTION = YES;
				GCC_WARN_UNUSED_VARIABLE = YES;
				IPHONEOS_DEPLOYMENT_TARGET = 14.3;
				MTL_ENABLE_DEBUG_INFO = INCLUDE_SOURCE;
				MTL_FAST_MATH = YES;
				ONLY_ACTIVE_ARCH = YES;
				SDKROOT = iphoneos;
				SWIFT_ACTIVE_COMPILATION_CONDITIONS = DEBUG;
				SWIFT_OPTIMIZATION_LEVEL = "-Onone";
			};
			name = Debug;
		};
		06AEA70925C275CD00DF902D /* Release */ = {
			isa = XCBuildConfiguration;
			buildSettings = {
				ALWAYS_SEARCH_USER_PATHS = NO;
				CLANG_ANALYZER_NONNULL = YES;
				CLANG_ANALYZER_NUMBER_OBJECT_CONVERSION = YES_AGGRESSIVE;
				CLANG_CXX_LANGUAGE_STANDARD = "gnu++14";
				CLANG_CXX_LIBRARY = "libc++";
				CLANG_ENABLE_MODULES = YES;
				CLANG_ENABLE_OBJC_ARC = YES;
				CLANG_ENABLE_OBJC_WEAK = YES;
				CLANG_WARN_BLOCK_CAPTURE_AUTORELEASING = YES;
				CLANG_WARN_BOOL_CONVERSION = YES;
				CLANG_WARN_COMMA = YES;
				CLANG_WARN_CONSTANT_CONVERSION = YES;
				CLANG_WARN_DEPRECATED_OBJC_IMPLEMENTATIONS = YES;
				CLANG_WARN_DIRECT_OBJC_ISA_USAGE = YES_ERROR;
				CLANG_WARN_DOCUMENTATION_COMMENTS = YES;
				CLANG_WARN_EMPTY_BODY = YES;
				CLANG_WARN_ENUM_CONVERSION = YES;
				CLANG_WARN_INFINITE_RECURSION = YES;
				CLANG_WARN_INT_CONVERSION = YES;
				CLANG_WARN_NON_LITERAL_NULL_CONVERSION = YES;
				CLANG_WARN_OBJC_IMPLICIT_RETAIN_SELF = YES;
				CLANG_WARN_OBJC_LITERAL_CONVERSION = YES;
				CLANG_WARN_OBJC_ROOT_CLASS = YES_ERROR;
				CLANG_WARN_QUOTED_INCLUDE_IN_FRAMEWORK_HEADER = YES;
				CLANG_WARN_RANGE_LOOP_ANALYSIS = YES;
				CLANG_WARN_STRICT_PROTOTYPES = YES;
				CLANG_WARN_SUSPICIOUS_MOVE = YES;
				CLANG_WARN_UNGUARDED_AVAILABILITY = YES_AGGRESSIVE;
				CLANG_WARN_UNREACHABLE_CODE = YES;
				CLANG_WARN__DUPLICATE_METHOD_MATCH = YES;
				COPY_PHASE_STRIP = NO;
				DEBUG_INFORMATION_FORMAT = "dwarf-with-dsym";
				ENABLE_NS_ASSERTIONS = NO;
				ENABLE_STRICT_OBJC_MSGSEND = YES;
				GCC_C_LANGUAGE_STANDARD = gnu11;
				GCC_NO_COMMON_BLOCKS = YES;
				GCC_WARN_64_TO_32_BIT_CONVERSION = YES;
				GCC_WARN_ABOUT_RETURN_TYPE = YES_ERROR;
				GCC_WARN_UNDECLARED_SELECTOR = YES;
				GCC_WARN_UNINITIALIZED_AUTOS = YES_AGGRESSIVE;
				GCC_WARN_UNUSED_FUNCTION = YES;
				GCC_WARN_UNUSED_VARIABLE = YES;
				IPHONEOS_DEPLOYMENT_TARGET = 14.3;
				MTL_ENABLE_DEBUG_INFO = NO;
				MTL_FAST_MATH = YES;
				SDKROOT = iphoneos;
				SWIFT_COMPILATION_MODE = wholemodule;
				SWIFT_OPTIMIZATION_LEVEL = "-O";
				VALIDATE_PRODUCT = YES;
			};
			name = Release;
		};
		06AEA70B25C275CD00DF902D /* Debug */ = {
			isa = XCBuildConfiguration;
			baseConfigurationReference = A8190B8527B01996C4BD1C73 /* Pods-MVVM_RxSwift.debug.xcconfig */;
			buildSettings = {
				ASSETCATALOG_COMPILER_APPICON_NAME = AppIcon;
				ASSETCATALOG_COMPILER_GLOBAL_ACCENT_COLOR_NAME = AccentColor;
				CODE_SIGN_STYLE = Automatic;
				DEVELOPMENT_TEAM = RKSNRHW63A;
				INFOPLIST_FILE = MVVM_RxSwift/Info.plist;
				LD_RUNPATH_SEARCH_PATHS = (
					"$(inherited)",
					"@executable_path/Frameworks",
				);
				PRODUCT_BUNDLE_IDENTIFIER = "com.pangeun.MVVM-RxSwift";
				PRODUCT_NAME = "$(TARGET_NAME)";
				SWIFT_VERSION = 5.0;
				TARGETED_DEVICE_FAMILY = "1,2";
			};
			name = Debug;
		};
		06AEA70C25C275CD00DF902D /* Release */ = {
			isa = XCBuildConfiguration;
			baseConfigurationReference = ACD35480AC2E57A4A5405F56 /* Pods-MVVM_RxSwift.release.xcconfig */;
			buildSettings = {
				ASSETCATALOG_COMPILER_APPICON_NAME = AppIcon;
				ASSETCATALOG_COMPILER_GLOBAL_ACCENT_COLOR_NAME = AccentColor;
				CODE_SIGN_STYLE = Automatic;
				DEVELOPMENT_TEAM = RKSNRHW63A;
				INFOPLIST_FILE = MVVM_RxSwift/Info.plist;
				LD_RUNPATH_SEARCH_PATHS = (
					"$(inherited)",
					"@executable_path/Frameworks",
				);
				PRODUCT_BUNDLE_IDENTIFIER = "com.pangeun.MVVM-RxSwift";
				PRODUCT_NAME = "$(TARGET_NAME)";
				SWIFT_VERSION = 5.0;
				TARGETED_DEVICE_FAMILY = "1,2";
			};
			name = Release;
		};
/* End XCBuildConfiguration section */

/* Begin XCConfigurationList section */
		06AEA6F125C275CC00DF902D /* Build configuration list for PBXProject "MVVM_RxSwift" */ = {
			isa = XCConfigurationList;
			buildConfigurations = (
				06AEA70825C275CD00DF902D /* Debug */,
				06AEA70925C275CD00DF902D /* Release */,
			);
			defaultConfigurationIsVisible = 0;
			defaultConfigurationName = Release;
		};
		06AEA70A25C275CD00DF902D /* Build configuration list for PBXNativeTarget "MVVM_RxSwift" */ = {
			isa = XCConfigurationList;
			buildConfigurations = (
				06AEA70B25C275CD00DF902D /* Debug */,
				06AEA70C25C275CD00DF902D /* Release */,
			);
			defaultConfigurationIsVisible = 0;
			defaultConfigurationName = Release;
		};
/* End XCConfigurationList section */
	};
	rootObject = 06AEA6EE25C275CC00DF902D /* Project object */;
}
