// !$*UTF8*$!
{
	archiveVersion = 1;
	classes = {
	};
	objectVersion = 50;
	objects = {

/* Begin PBXBuildFile section */
		9688C3CB24CAB5B200A84983 /* AppDelegate.swift in Sources */ = {isa = PBXBuildFile; fileRef = 9688C3CA24CAB5B200A84983 /* AppDelegate.swift */; };
		9688C3CD24CAB5B200A84983 /* SceneDelegate.swift in Sources */ = {isa = PBXBuildFile; fileRef = 9688C3CC24CAB5B200A84983 /* SceneDelegate.swift */; };
		9688C3CF24CAB5B200A84983 /* ViewController.swift in Sources */ = {isa = PBXBuildFile; fileRef = 9688C3CE24CAB5B200A84983 /* ViewController.swift */; };
		9688C3D224CAB5B200A84983 /* Main.storyboard in Resources */ = {isa = PBXBuildFile; fileRef = 9688C3D024CAB5B200A84983 /* Main.storyboard */; };
		9688C3D424CAB5B700A84983 /* Assets.xcassets in Resources */ = {isa = PBXBuildFile; fileRef = 9688C3D324CAB5B700A84983 /* Assets.xcassets */; };
		9688C3D724CAB5B700A84983 /* LaunchScreen.storyboard in Resources */ = {isa = PBXBuildFile; fileRef = 9688C3D524CAB5B700A84983 /* LaunchScreen.storyboard */; };
/* End PBXBuildFile section */

/* Begin PBXFileReference section */
		9688C3C724CAB5B200A84983 /* BaeMin-Layout-Clone.app */ = {isa = PBXFileReference; explicitFileType = wrapper.application; includeInIndex = 0; path = "BaeMin-Layout-Clone.app"; sourceTree = BUILT_PRODUCTS_DIR; };
		9688C3CA24CAB5B200A84983 /* AppDelegate.swift */ = {isa = PBXFileReference; lastKnownFileType = sourcecode.swift; path = AppDelegate.swift; sourceTree = "<group>"; };
		9688C3CC24CAB5B200A84983 /* SceneDelegate.swift */ = {isa = PBXFileReference; lastKnownFileType = sourcecode.swift; path = SceneDelegate.swift; sourceTree = "<group>"; };
		9688C3CE24CAB5B200A84983 /* ViewController.swift */ = {isa = PBXFileReference; lastKnownFileType = sourcecode.swift; path = ViewController.swift; sourceTree = "<group>"; };
		9688C3D124CAB5B200A84983 /* Base */ = {isa = PBXFileReference; lastKnownFileType = file.storyboard; name = Base; path = Base.lproj/Main.storyboard; sourceTree = "<group>"; };
		9688C3D324CAB5B700A84983 /* Assets.xcassets */ = {isa = PBXFileReference; lastKnownFileType = folder.assetcatalog; path = Assets.xcassets; sourceTree = "<group>"; };
		9688C3D624CAB5B700A84983 /* Base */ = {isa = PBXFileReference; lastKnownFileType = file.storyboard; name = Base; path = Base.lproj/LaunchScreen.storyboard; sourceTree = "<group>"; };
		9688C3D824CAB5B700A84983 /* Info.plist */ = {isa = PBXFileReference; lastKnownFileType = text.plist.xml; path = Info.plist; sourceTree = "<group>"; };
/* End PBXFileReference section */

/* Begin PBXFrameworksBuildPhase section */
		9688C3C424CAB5B200A84983 /* Frameworks */ = {
			isa = PBXFrameworksBuildPhase;
			buildActionMask = 2147483647;
			files = (
			);
			runOnlyForDeploymentPostprocessing = 0;
		};
/* End PBXFrameworksBuildPhase section */

/* Begin PBXGroup section */
		9688C3BE24CAB5B200A84983 = {
			isa = PBXGroup;
			children = (
				9688C3C924CAB5B200A84983 /* BaeMin-Layout-Clone */,
				9688C3C824CAB5B200A84983 /* Products */,
			);
			sourceTree = "<group>";
		};
		9688C3C824CAB5B200A84983 /* Products */ = {
			isa = PBXGroup;
			children = (
				9688C3C724CAB5B200A84983 /* BaeMin-Layout-Clone.app */,
			);
			name = Products;
			sourceTree = "<group>";
		};
		9688C3C924CAB5B200A84983 /* BaeMin-Layout-Clone */ = {
			isa = PBXGroup;
			children = (
				9688C3CA24CAB5B200A84983 /* AppDelegate.swift */,
				9688C3CC24CAB5B200A84983 /* SceneDelegate.swift */,
				9688C3CE24CAB5B200A84983 /* ViewController.swift */,
				9688C3D024CAB5B200A84983 /* Main.storyboard */,
				9688C3D324CAB5B700A84983 /* Assets.xcassets */,
				9688C3D524CAB5B700A84983 /* LaunchScreen.storyboard */,
				9688C3D824CAB5B700A84983 /* Info.plist */,
			);
			path = "BaeMin-Layout-Clone";
			sourceTree = "<group>";
		};
/* End PBXGroup section */

/* Begin PBXNativeTarget section */
		9688C3C624CAB5B200A84983 /* BaeMin-Layout-Clone */ = {
			isa = PBXNativeTarget;
			buildConfigurationList = 9688C3DB24CAB5B700A84983 /* Build configuration list for PBXNativeTarget "BaeMin-Layout-Clone" */;
			buildPhases = (
				9688C3C324CAB5B200A84983 /* Sources */,
				9688C3C424CAB5B200A84983 /* Frameworks */,
				9688C3C524CAB5B200A84983 /* Resources */,
			);
			buildRules = (
			);
			dependencies = (
			);
			name = "BaeMin-Layout-Clone";
			productName = "BaeMin-Layout-Clone";
			productReference = 9688C3C724CAB5B200A84983 /* BaeMin-Layout-Clone.app */;
			productType = "com.apple.product-type.application";
		};
/* End PBXNativeTarget section */

/* Begin PBXProject section */
		9688C3BF24CAB5B200A84983 /* Project object */ = {
			isa = PBXProject;
			attributes = {
				LastSwiftUpdateCheck = 1130;
				LastUpgradeCheck = 1130;
				ORGANIZATIONNAME = Jeonpangeun;
				TargetAttributes = {
					9688C3C624CAB5B200A84983 = {
						CreatedOnToolsVersion = 11.3.1;
					};
				};
			};
			buildConfigurationList = 9688C3C224CAB5B200A84983 /* Build configuration list for PBXProject "BaeMin-Layout-Clone" */;
			compatibilityVersion = "Xcode 9.3";
			developmentRegion = en;
			hasScannedForEncodings = 0;
			knownRegions = (
				en,
				Base,
			);
			mainGroup = 9688C3BE24CAB5B200A84983;
			productRefGroup = 9688C3C824CAB5B200A84983 /* Products */;
			projectDirPath = "";
			projectRoot = "";
			targets = (
				9688C3C624CAB5B200A84983 /* BaeMin-Layout-Clone */,
			);
		};
/* End PBXProject section */

/* Begin PBXResourcesBuildPhase section */
		9688C3C524CAB5B200A84983 /* Resources */ = {
			isa = PBXResourcesBuildPhase;
			buildActionMask = 2147483647;
			files = (
				9688C3D724CAB5B700A84983 /* LaunchScreen.storyboard in Resources */,
				9688C3D424CAB5B700A84983 /* Assets.xcassets in Resources */,
				9688C3D224CAB5B200A84983 /* Main.storyboard in Resources */,
			);
			runOnlyForDeploymentPostprocessing = 0;
		};
/* End PBXResourcesBuildPhase section */

/* Begin PBXSourcesBuildPhase section */
		9688C3C324CAB5B200A84983 /* Sources */ = {
			isa = PBXSourcesBuildPhase;
			buildActionMask = 2147483647;
			files = (
				9688C3CF24CAB5B200A84983 /* ViewController.swift in Sources */,
				9688C3CB24CAB5B200A84983 /* AppDelegate.swift in Sources */,
				9688C3CD24CAB5B200A84983 /* SceneDelegate.swift in Sources */,
			);
			runOnlyForDeploymentPostprocessing = 0;
		};
/* End PBXSourcesBuildPhase section */

/* Begin PBXVariantGroup section */
		9688C3D024CAB5B200A84983 /* Main.storyboard */ = {
			isa = PBXVariantGroup;
			children = (
				9688C3D124CAB5B200A84983 /* Base */,
			);
			name = Main.storyboard;
			sourceTree = "<group>";
		};
		9688C3D524CAB5B700A84983 /* LaunchScreen.storyboard */ = {
			isa = PBXVariantGroup;
			children = (
				9688C3D624CAB5B700A84983 /* Base */,
			);
			name = LaunchScreen.storyboard;
			sourceTree = "<group>";
		};
/* End PBXVariantGroup section */

/* Begin XCBuildConfiguration section */
		9688C3D924CAB5B700A84983 /* Debug */ = {
			isa = XCBuildConfiguration;
			buildSettings = {
				ALWAYS_SEARCH_USER_PATHS = NO;
				CLANG_ANALYZER_NONNULL = YES;
				CLANG_ANALYZER_NUMBER_OBJECT_CONVERSION = YES_AGGRESSIVE;
				CLANG_CXX_LANGUAGE_STANDARD = "gnu++14";
				CLANG_CXX_LIBRARY = "libc++";
				CLANG_ENABLE_MODULES = YES;
				CLANG_ENABLE_OBJC_ARC = YES;
				CLANG_ENABLE_OBJC_WEAK = YES;
				CLANG_WARN_BLOCK_CAPTURE_AUTORELEASING = YES;
				CLANG_WARN_BOOL_CONVERSION = YES;
				CLANG_WARN_COMMA = YES;
				CLANG_WARN_CONSTANT_CONVERSION = YES;
				CLANG_WARN_DEPRECATED_OBJC_IMPLEMENTATIONS = YES;
				CLANG_WARN_DIRECT_OBJC_ISA_USAGE = YES_ERROR;
				CLANG_WARN_DOCUMENTATION_COMMENTS = YES;
				CLANG_WARN_EMPTY_BODY = YES;
				CLANG_WARN_ENUM_CONVERSION = YES;
				CLANG_WARN_INFINITE_RECURSION = YES;
				CLANG_WARN_INT_CONVERSION = YES;
				CLANG_WARN_NON_LITERAL_NULL_CONVERSION = YES;
				CLANG_WARN_OBJC_IMPLICIT_RETAIN_SELF = YES;
				CLANG_WARN_OBJC_LITERAL_CONVERSION = YES;
				CLANG_WARN_OBJC_ROOT_CLASS = YES_ERROR;
				CLANG_WARN_RANGE_LOOP_ANALYSIS = YES;
				CLANG_WARN_STRICT_PROTOTYPES = YES;
				CLANG_WARN_SUSPICIOUS_MOVE = YES;
				CLANG_WARN_UNGUARDED_AVAILABILITY = YES_AGGRESSIVE;
				CLANG_WARN_UNREACHABLE_CODE = YES;
				CLANG_WARN__DUPLICATE_METHOD_MATCH = YES;
				COPY_PHASE_STRIP = NO;
				DEBUG_INFORMATION_FORMAT = dwarf;
				ENABLE_STRICT_OBJC_MSGSEND = YES;
				ENABLE_TESTABILITY = YES;
				GCC_C_LANGUAGE_STANDARD = gnu11;
				GCC_DYNAMIC_NO_PIC = NO;
				GCC_NO_COMMON_BLOCKS = YES;
				GCC_OPTIMIZATION_LEVEL = 0;
				GCC_PREPROCESSOR_DEFINITIONS = (
					"DEBUG=1",
					"$(inherited)",
				);
				GCC_WARN_64_TO_32_BIT_CONVERSION = YES;
				GCC_WARN_ABOUT_RETURN_TYPE = YES_ERROR;
				GCC_WARN_UNDECLARED_SELECTOR = YES;
				GCC_WARN_UNINITIALIZED_AUTOS = YES_AGGRESSIVE;
				GCC_WARN_UNUSED_FUNCTION = YES;
				GCC_WARN_UNUSED_VARIABLE = YES;
				IPHONEOS_DEPLOYMENT_TARGET = 13.2;
				MTL_ENABLE_DEBUG_INFO = INCLUDE_SOURCE;
				MTL_FAST_MATH = YES;
				ONLY_ACTIVE_ARCH = YES;
				SDKROOT = iphoneos;
				SWIFT_ACTIVE_COMPILATION_CONDITIONS = DEBUG;
				SWIFT_OPTIMIZATION_LEVEL = "-Onone";
			};
			name = Debug;
		};
		9688C3DA24CAB5B700A84983 /* Release */ = {
			isa = XCBuildConfiguration;
			buildSettings = {
				ALWAYS_SEARCH_USER_PATHS = NO;
				CLANG_ANALYZER_NONNULL = YES;
				CLANG_ANALYZER_NUMBER_OBJECT_CONVERSION = YES_AGGRESSIVE;
				CLANG_CXX_LANGUAGE_STANDARD = "gnu++14";
				CLANG_CXX_LIBRARY = "libc++";
				CLANG_ENABLE_MODULES = YES;
				CLANG_ENABLE_OBJC_ARC = YES;
				CLANG_ENABLE_OBJC_WEAK = YES;
				CLANG_WARN_BLOCK_CAPTURE_AUTORELEASING = YES;
				CLANG_WARN_BOOL_CONVERSION = YES;
				CLANG_WARN_COMMA = YES;
				CLANG_WARN_CONSTANT_CONVERSION = YES;
				CLANG_WARN_DEPRECATED_OBJC_IMPLEMENTATIONS = YES;
				CLANG_WARN_DIRECT_OBJC_ISA_USAGE = YES_ERROR;
				CLANG_WARN_DOCUMENTATION_COMMENTS = YES;
				CLANG_WARN_EMPTY_BODY = YES;
				CLANG_WARN_ENUM_CONVERSION = YES;
				CLANG_WARN_INFINITE_RECURSION = YES;
				CLANG_WARN_INT_CONVERSION = YES;
				CLANG_WARN_NON_LITERAL_NULL_CONVERSION = YES;
				CLANG_WARN_OBJC_IMPLICIT_RETAIN_SELF = YES;
				CLANG_WARN_OBJC_LITERAL_CONVERSION = YES;
				CLANG_WARN_OBJC_ROOT_CLASS = YES_ERROR;
				CLANG_WARN_RANGE_LOOP_ANALYSIS = YES;
				CLANG_WARN_STRICT_PROTOTYPES = YES;
				CLANG_WARN_SUSPICIOUS_MOVE = YES;
				CLANG_WARN_UNGUARDED_AVAILABILITY = YES_AGGRESSIVE;
				CLANG_WARN_UNREACHABLE_CODE = YES;
				CLANG_WARN__DUPLICATE_METHOD_MATCH = YES;
				COPY_PHASE_STRIP = NO;
				DEBUG_INFORMATION_FORMAT = "dwarf-with-dsym";
				ENABLE_NS_ASSERTIONS = NO;
				ENABLE_STRICT_OBJC_MSGSEND = YES;
				GCC_C_LANGUAGE_STANDARD = gnu11;
				GCC_NO_COMMON_BLOCKS = YES;
				GCC_WARN_64_TO_32_BIT_CONVERSION = YES;
				GCC_WARN_ABOUT_RETURN_TYPE = YES_ERROR;
				GCC_WARN_UNDECLARED_SELECTOR = YES;
				GCC_WARN_UNINITIALIZED_AUTOS = YES_AGGRESSIVE;
				GCC_WARN_UNUSED_FUNCTION = YES;
				GCC_WARN_UNUSED_VARIABLE = YES;
				IPHONEOS_DEPLOYMENT_TARGET = 13.2;
				MTL_ENABLE_DEBUG_INFO = NO;
				MTL_FAST_MATH = YES;
				SDKROOT = iphoneos;
				SWIFT_COMPILATION_MODE = wholemodule;
				SWIFT_OPTIMIZATION_LEVEL = "-O";
				VALIDATE_PRODUCT = YES;
			};
			name = Release;
		};
		9688C3DC24CAB5B700A84983 /* Debug */ = {
			isa = XCBuildConfiguration;
			buildSettings = {
				ASSETCATALOG_COMPILER_APPICON_NAME = AppIcon;
				CODE_SIGN_STYLE = Automatic;
				DEVELOPMENT_TEAM = RKSNRHW63A;
				INFOPLIST_FILE = "BaeMin-Layout-Clone/Info.plist";
				LD_RUNPATH_SEARCH_PATHS = (
					"$(inherited)",
					"@executable_path/Frameworks",
				);
				PRODUCT_BUNDLE_IDENTIFIER = "com.pangeun.BaeMin-Layout-Clone";
				PRODUCT_NAME = "$(TARGET_NAME)";
				SWIFT_VERSION = 5.0;
				TARGETED_DEVICE_FAMILY = "1,2";
			};
			name = Debug;
		};
		9688C3DD24CAB5B700A84983 /* Release */ = {
			isa = XCBuildConfiguration;
			buildSettings = {
				ASSETCATALOG_COMPILER_APPICON_NAME = AppIcon;
				CODE_SIGN_STYLE = Automatic;
				DEVELOPMENT_TEAM = RKSNRHW63A;
				INFOPLIST_FILE = "BaeMin-Layout-Clone/Info.plist";
				LD_RUNPATH_SEARCH_PATHS = (
					"$(inherited)",
					"@executable_path/Frameworks",
				);
				PRODUCT_BUNDLE_IDENTIFIER = "com.pangeun.BaeMin-Layout-Clone";
				PRODUCT_NAME = "$(TARGET_NAME)";
				SWIFT_VERSION = 5.0;
				TARGETED_DEVICE_FAMILY = "1,2";
			};
			name = Release;
		};
/* End XCBuildConfiguration section */

/* Begin XCConfigurationList section */
		9688C3C224CAB5B200A84983 /* Build configuration list for PBXProject "BaeMin-Layout-Clone" */ = {
			isa = XCConfigurationList;
			buildConfigurations = (
				9688C3D924CAB5B700A84983 /* Debug */,
				9688C3DA24CAB5B700A84983 /* Release */,
			);
			defaultConfigurationIsVisible = 0;
			defaultConfigurationName = Release;
		};
		9688C3DB24CAB5B700A84983 /* Build configuration list for PBXNativeTarget "BaeMin-Layout-Clone" */ = {
			isa = XCConfigurationList;
			buildConfigurations = (
				9688C3DC24CAB5B700A84983 /* Debug */,
				9688C3DD24CAB5B700A84983 /* Release */,
			);
			defaultConfigurationIsVisible = 0;
			defaultConfigurationName = Release;
		};
/* End XCConfigurationList section */
	};
	rootObject = 9688C3BF24CAB5B200A84983 /* Project object */;
}
