// !$*UTF8*$!
{
	archiveVersion = 1;
	classes = {
	};
	objectVersion = 50;
	objects = {

/* Begin PBXBuildFile section */
		060FEF5C261DECB6008C674F /* AppDelegate.swift in Sources */ = {isa = PBXBuildFile; fileRef = 060FEF5B261DECB6008C674F /* AppDelegate.swift */; };
		060FEF5E261DECB6008C674F /* SceneDelegate.swift in Sources */ = {isa = PBXBuildFile; fileRef = 060FEF5D261DECB6008C674F /* SceneDelegate.swift */; };
		060FEF60261DECB6008C674F /* ViewController.swift in Sources */ = {isa = PBXBuildFile; fileRef = 060FEF5F261DECB6008C674F /* ViewController.swift */; };
		060FEF65261DECB7008C674F /* Assets.xcassets in Resources */ = {isa = PBXBuildFile; fileRef = 060FEF64261DECB7008C674F /* Assets.xcassets */; };
		060FEF68261DECB7008C674F /* LaunchScreen.storyboard in Resources */ = {isa = PBXBuildFile; fileRef = 060FEF66261DECB7008C674F /* LaunchScreen.storyboard */; };
		0C143DC5EEEC981F3BCCACD6 /* Pods_snapKitTest.framework in Frameworks */ = {isa = PBXBuildFile; fileRef = DC701635832829C29F8172B3 /* Pods_snapKitTest.framework */; };
/* End PBXBuildFile section */

/* Begin PBXFileReference section */
		060FEF58261DECB6008C674F /* snapKitTest.app */ = {isa = PBXFileReference; explicitFileType = wrapper.application; includeInIndex = 0; path = snapKitTest.app; sourceTree = BUILT_PRODUCTS_DIR; };
		060FEF5B261DECB6008C674F /* AppDelegate.swift */ = {isa = PBXFileReference; lastKnownFileType = sourcecode.swift; path = AppDelegate.swift; sourceTree = "<group>"; };
		060FEF5D261DECB6008C674F /* SceneDelegate.swift */ = {isa = PBXFileReference; lastKnownFileType = sourcecode.swift; path = SceneDelegate.swift; sourceTree = "<group>"; };
		060FEF5F261DECB6008C674F /* ViewController.swift */ = {isa = PBXFileReference; lastKnownFileType = sourcecode.swift; path = ViewController.swift; sourceTree = "<group>"; };
		060FEF64261DECB7008C674F /* Assets.xcassets */ = {isa = PBXFileReference; lastKnownFileType = folder.assetcatalog; path = Assets.xcassets; sourceTree = "<group>"; };
		060FEF67261DECB7008C674F /* Base */ = {isa = PBXFileReference; lastKnownFileType = file.storyboard; name = Base; path = Base.lproj/LaunchScreen.storyboard; sourceTree = "<group>"; };
		060FEF69261DECB7008C674F /* Info.plist */ = {isa = PBXFileReference; lastKnownFileType = text.plist.xml; path = Info.plist; sourceTree = "<group>"; };
		3B5F7486CBC4284CE891213E /* Pods-snapKitTest.debug.xcconfig */ = {isa = PBXFileReference; includeInIndex = 1; lastKnownFileType = text.xcconfig; name = "Pods-snapKitTest.debug.xcconfig"; path = "Target Support Files/Pods-snapKitTest/Pods-snapKitTest.debug.xcconfig"; sourceTree = "<group>"; };
		CD19E2977EFB6E415A7E4081 /* Pods-snapKitTest.release.xcconfig */ = {isa = PBXFileReference; includeInIndex = 1; lastKnownFileType = text.xcconfig; name = "Pods-snapKitTest.release.xcconfig"; path = "Target Support Files/Pods-snapKitTest/Pods-snapKitTest.release.xcconfig"; sourceTree = "<group>"; };
		DC701635832829C29F8172B3 /* Pods_snapKitTest.framework */ = {isa = PBXFileReference; explicitFileType = wrapper.framework; includeInIndex = 0; path = Pods_snapKitTest.framework; sourceTree = BUILT_PRODUCTS_DIR; };
/* End PBXFileReference section */

/* Begin PBXFrameworksBuildPhase section */
		060FEF55261DECB6008C674F /* Frameworks */ = {
			isa = PBXFrameworksBuildPhase;
			buildActionMask = 2147483647;
			files = (
				0C143DC5EEEC981F3BCCACD6 /* Pods_snapKitTest.framework in Frameworks */,
			);
			runOnlyForDeploymentPostprocessing = 0;
		};
/* End PBXFrameworksBuildPhase section */

/* Begin PBXGroup section */
		060FEF4F261DECB6008C674F = {
			isa = PBXGroup;
			children = (
				060FEF5A261DECB6008C674F /* snapKitTest */,
				060FEF59261DECB6008C674F /* Products */,
				89233A43409D59470993A4C3 /* Pods */,
				46A45891E3B1EFB7F5309F2B /* Frameworks */,
			);
			sourceTree = "<group>";
		};
		060FEF59261DECB6008C674F /* Products */ = {
			isa = PBXGroup;
			children = (
				060FEF58261DECB6008C674F /* snapKitTest.app */,
			);
			name = Products;
			sourceTree = "<group>";
		};
		060FEF5A261DECB6008C674F /* snapKitTest */ = {
			isa = PBXGroup;
			children = (
				060FEF5B261DECB6008C674F /* AppDelegate.swift */,
				060FEF5D261DECB6008C674F /* SceneDelegate.swift */,
				060FEF5F261DECB6008C674F /* ViewController.swift */,
				060FEF64261DECB7008C674F /* Assets.xcassets */,
				060FEF66261DECB7008C674F /* LaunchScreen.storyboard */,
				060FEF69261DECB7008C674F /* Info.plist */,
			);
			path = snapKitTest;
			sourceTree = "<group>";
		};
		46A45891E3B1EFB7F5309F2B /* Frameworks */ = {
			isa = PBXGroup;
			children = (
				DC701635832829C29F8172B3 /* Pods_snapKitTest.framework */,
			);
			name = Frameworks;
			sourceTree = "<group>";
		};
		89233A43409D59470993A4C3 /* Pods */ = {
			isa = PBXGroup;
			children = (
				3B5F7486CBC4284CE891213E /* Pods-snapKitTest.debug.xcconfig */,
				CD19E2977EFB6E415A7E4081 /* Pods-snapKitTest.release.xcconfig */,
			);
			name = Pods;
			path = Pods;
			sourceTree = "<group>";
		};
/* End PBXGroup section */

/* Begin PBXNativeTarget section */
		060FEF57261DECB6008C674F /* snapKitTest */ = {
			isa = PBXNativeTarget;
			buildConfigurationList = 060FEF6C261DECB7008C674F /* Build configuration list for PBXNativeTarget "snapKitTest" */;
			buildPhases = (
				6BB1AD6777CAAC1AD82A9EFE /* [CP] Check Pods Manifest.lock */,
				060FEF54261DECB6008C674F /* Sources */,
				060FEF55261DECB6008C674F /* Frameworks */,
				060FEF56261DECB6008C674F /* Resources */,
				9FA161FDBBE331C34095399D /* [CP] Embed Pods Frameworks */,
			);
			buildRules = (
			);
			dependencies = (
			);
			name = snapKitTest;
			productName = snapKitTest;
			productReference = 060FEF58261DECB6008C674F /* snapKitTest.app */;
			productType = "com.apple.product-type.application";
		};
/* End PBXNativeTarget section */

/* Begin PBXProject section */
		060FEF50261DECB6008C674F /* Project object */ = {
			isa = PBXProject;
			attributes = {
				LastSwiftUpdateCheck = 1240;
				LastUpgradeCheck = 1240;
				TargetAttributes = {
					060FEF57261DECB6008C674F = {
						CreatedOnToolsVersion = 12.4;
					};
				};
			};
			buildConfigurationList = 060FEF53261DECB6008C674F /* Build configuration list for PBXProject "snapKitTest" */;
			compatibilityVersion = "Xcode 9.3";
			developmentRegion = en;
			hasScannedForEncodings = 0;
			knownRegions = (
				en,
				Base,
			);
			mainGroup = 060FEF4F261DECB6008C674F;
			productRefGroup = 060FEF59261DECB6008C674F /* Products */;
			projectDirPath = "";
			projectRoot = "";
			targets = (
				060FEF57261DECB6008C674F /* snapKitTest */,
			);
		};
/* End PBXProject section */

/* Begin PBXResourcesBuildPhase section */
		060FEF56261DECB6008C674F /* Resources */ = {
			isa = PBXResourcesBuildPhase;
			buildActionMask = 2147483647;
			files = (
				060FEF68261DECB7008C674F /* LaunchScreen.storyboard in Resources */,
				060FEF65261DECB7008C674F /* Assets.xcassets in Resources */,
			);
			runOnlyForDeploymentPostprocessing = 0;
		};
/* End PBXResourcesBuildPhase section */

/* Begin PBXShellScriptBuildPhase section */
		6BB1AD6777CAAC1AD82A9EFE /* [CP] Check Pods Manifest.lock */ = {
			isa = PBXShellScriptBuildPhase;
			buildActionMask = 2147483647;
			files = (
			);
			inputFileListPaths = (
			);
			inputPaths = (
				"${PODS_PODFILE_DIR_PATH}/Podfile.lock",
				"${PODS_ROOT}/Manifest.lock",
			);
			name = "[CP] Check Pods Manifest.lock";
			outputFileListPaths = (
			);
			outputPaths = (
				"$(DERIVED_FILE_DIR)/Pods-snapKitTest-checkManifestLockResult.txt",
			);
			runOnlyForDeploymentPostprocessing = 0;
			shellPath = /bin/sh;
			shellScript = "diff \"${PODS_PODFILE_DIR_PATH}/Podfile.lock\" \"${PODS_ROOT}/Manifest.lock\" > /dev/null\nif [ $? != 0 ] ; then\n    # print error to STDERR\n    echo \"error: The sandbox is not in sync with the Podfile.lock. Run 'pod install' or update your CocoaPods installation.\" >&2\n    exit 1\nfi\n# This output is used by Xcode 'outputs' to avoid re-running this script phase.\necho \"SUCCESS\" > \"${SCRIPT_OUTPUT_FILE_0}\"\n";
			showEnvVarsInLog = 0;
		};
		9FA161FDBBE331C34095399D /* [CP] Embed Pods Frameworks */ = {
			isa = PBXShellScriptBuildPhase;
			buildActionMask = 2147483647;
			files = (
			);
			inputFileListPaths = (
				"${PODS_ROOT}/Target Support Files/Pods-snapKitTest/Pods-snapKitTest-frameworks-${CONFIGURATION}-input-files.xcfilelist",
			);
			name = "[CP] Embed Pods Frameworks";
			outputFileListPaths = (
				"${PODS_ROOT}/Target Support Files/Pods-snapKitTest/Pods-snapKitTest-frameworks-${CONFIGURATION}-output-files.xcfilelist",
			);
			runOnlyForDeploymentPostprocessing = 0;
			shellPath = /bin/sh;
			shellScript = "\"${PODS_ROOT}/Target Support Files/Pods-snapKitTest/Pods-snapKitTest-frameworks.sh\"\n";
			showEnvVarsInLog = 0;
		};
/* End PBXShellScriptBuildPhase section */

/* Begin PBXSourcesBuildPhase section */
		060FEF54261DECB6008C674F /* Sources */ = {
			isa = PBXSourcesBuildPhase;
			buildActionMask = 2147483647;
			files = (
				060FEF60261DECB6008C674F /* ViewController.swift in Sources */,
				060FEF5C261DECB6008C674F /* AppDelegate.swift in Sources */,
				060FEF5E261DECB6008C674F /* SceneDelegate.swift in Sources */,
			);
			runOnlyForDeploymentPostprocessing = 0;
		};
/* End PBXSourcesBuildPhase section */

/* Begin PBXVariantGroup section */
		060FEF66261DECB7008C674F /* LaunchScreen.storyboard */ = {
			isa = PBXVariantGroup;
			children = (
				060FEF67261DECB7008C674F /* Base */,
			);
			name = LaunchScreen.storyboard;
			sourceTree = "<group>";
		};
/* End PBXVariantGroup section */

/* Begin XCBuildConfiguration section */
		060FEF6A261DECB7008C674F /* Debug */ = {
			isa = XCBuildConfiguration;
			buildSettings = {
				ALWAYS_SEARCH_USER_PATHS = NO;
				CLANG_ANALYZER_NONNULL = YES;
				CLANG_ANALYZER_NUMBER_OBJECT_CONVERSION = YES_AGGRESSIVE;
				CLANG_CXX_LANGUAGE_STANDARD = "gnu++14";
				CLANG_CXX_LIBRARY = "libc++";
				CLANG_ENABLE_MODULES = YES;
				CLANG_ENABLE_OBJC_ARC = YES;
				CLANG_ENABLE_OBJC_WEAK = YES;
				CLANG_WARN_BLOCK_CAPTURE_AUTORELEASING = YES;
				CLANG_WARN_BOOL_CONVERSION = YES;
				CLANG_WARN_COMMA = YES;
				CLANG_WARN_CONSTANT_CONVERSION = YES;
				CLANG_WARN_DEPRECATED_OBJC_IMPLEMENTATIONS = YES;
				CLANG_WARN_DIRECT_OBJC_ISA_USAGE = YES_ERROR;
				CLANG_WARN_DOCUMENTATION_COMMENTS = YES;
				CLANG_WARN_EMPTY_BODY = YES;
				CLANG_WARN_ENUM_CONVERSION = YES;
				CLANG_WARN_INFINITE_RECURSION = YES;
				CLANG_WARN_INT_CONVERSION = YES;
				CLANG_WARN_NON_LITERAL_NULL_CONVERSION = YES;
				CLANG_WARN_OBJC_IMPLICIT_RETAIN_SELF = YES;
				CLANG_WARN_OBJC_LITERAL_CONVERSION = YES;
				CLANG_WARN_OBJC_ROOT_CLASS = YES_ERROR;
				CLANG_WARN_QUOTED_INCLUDE_IN_FRAMEWORK_HEADER = YES;
				CLANG_WARN_RANGE_LOOP_ANALYSIS = YES;
				CLANG_WARN_STRICT_PROTOTYPES = YES;
				CLANG_WARN_SUSPICIOUS_MOVE = YES;
				CLANG_WARN_UNGUARDED_AVAILABILITY = YES_AGGRESSIVE;
				CLANG_WARN_UNREACHABLE_CODE = YES;
				CLANG_WARN__DUPLICATE_METHOD_MATCH = YES;
				COPY_PHASE_STRIP = NO;
				DEBUG_INFORMATION_FORMAT = dwarf;
				ENABLE_STRICT_OBJC_MSGSEND = YES;
				ENABLE_TESTABILITY = YES;
				GCC_C_LANGUAGE_STANDARD = gnu11;
				GCC_DYNAMIC_NO_PIC = NO;
				GCC_NO_COMMON_BLOCKS = YES;
				GCC_OPTIMIZATION_LEVEL = 0;
				GCC_PREPROCESSOR_DEFINITIONS = (
					"DEBUG=1",
					"$(inherited)",
				);
				GCC_WARN_64_TO_32_BIT_CONVERSION = YES;
				GCC_WARN_ABOUT_RETURN_TYPE = YES_ERROR;
				GCC_WARN_UNDECLARED_SELECTOR = YES;
				GCC_WARN_UNINITIALIZED_AUTOS = YES_AGGRESSIVE;
				GCC_WARN_UNUSED_FUNCTION = YES;
				GCC_WARN_UNUSED_VARIABLE = YES;
				IPHONEOS_DEPLOYMENT_TARGET = 14.4;
				MTL_ENABLE_DEBUG_INFO = INCLUDE_SOURCE;
				MTL_FAST_MATH = YES;
				ONLY_ACTIVE_ARCH = YES;
				SDKROOT = iphoneos;
				SWIFT_ACTIVE_COMPILATION_CONDITIONS = DEBUG;
				SWIFT_OPTIMIZATION_LEVEL = "-Onone";
			};
			name = Debug;
		};
		060FEF6B261DECB7008C674F /* Release */ = {
			isa = XCBuildConfiguration;
			buildSettings = {
				ALWAYS_SEARCH_USER_PATHS = NO;
				CLANG_ANALYZER_NONNULL = YES;
				CLANG_ANALYZER_NUMBER_OBJECT_CONVERSION = YES_AGGRESSIVE;
				CLANG_CXX_LANGUAGE_STANDARD = "gnu++14";
				CLANG_CXX_LIBRARY = "libc++";
				CLANG_ENABLE_MODULES = YES;
				CLANG_ENABLE_OBJC_ARC = YES;
				CLANG_ENABLE_OBJC_WEAK = YES;
				CLANG_WARN_BLOCK_CAPTURE_AUTORELEASING = YES;
				CLANG_WARN_BOOL_CONVERSION = YES;
				CLANG_WARN_COMMA = YES;
				CLANG_WARN_CONSTANT_CONVERSION = YES;
				CLANG_WARN_DEPRECATED_OBJC_IMPLEMENTATIONS = YES;
				CLANG_WARN_DIRECT_OBJC_ISA_USAGE = YES_ERROR;
				CLANG_WARN_DOCUMENTATION_COMMENTS = YES;
				CLANG_WARN_EMPTY_BODY = YES;
				CLANG_WARN_ENUM_CONVERSION = YES;
				CLANG_WARN_INFINITE_RECURSION = YES;
				CLANG_WARN_INT_CONVERSION = YES;
				CLANG_WARN_NON_LITERAL_NULL_CONVERSION = YES;
				CLANG_WARN_OBJC_IMPLICIT_RETAIN_SELF = YES;
				CLANG_WARN_OBJC_LITERAL_CONVERSION = YES;
				CLANG_WARN_OBJC_ROOT_CLASS = YES_ERROR;
				CLANG_WARN_QUOTED_INCLUDE_IN_FRAMEWORK_HEADER = YES;
				CLANG_WARN_RANGE_LOOP_ANALYSIS = YES;
				CLANG_WARN_STRICT_PROTOTYPES = YES;
				CLANG_WARN_SUSPICIOUS_MOVE = YES;
				CLANG_WARN_UNGUARDED_AVAILABILITY = YES_AGGRESSIVE;
				CLANG_WARN_UNREACHABLE_CODE = YES;
				CLANG_WARN__DUPLICATE_METHOD_MATCH = YES;
				COPY_PHASE_STRIP = NO;
				DEBUG_INFORMATION_FORMAT = "dwarf-with-dsym";
				ENABLE_NS_ASSERTIONS = NO;
				ENABLE_STRICT_OBJC_MSGSEND = YES;
				GCC_C_LANGUAGE_STANDARD = gnu11;
				GCC_NO_COMMON_BLOCKS = YES;
				GCC_WARN_64_TO_32_BIT_CONVERSION = YES;
				GCC_WARN_ABOUT_RETURN_TYPE = YES_ERROR;
				GCC_WARN_UNDECLARED_SELECTOR = YES;
				GCC_WARN_UNINITIALIZED_AUTOS = YES_AGGRESSIVE;
				GCC_WARN_UNUSED_FUNCTION = YES;
				GCC_WARN_UNUSED_VARIABLE = YES;
				IPHONEOS_DEPLOYMENT_TARGET = 14.4;
				MTL_ENABLE_DEBUG_INFO = NO;
				MTL_FAST_MATH = YES;
				SDKROOT = iphoneos;
				SWIFT_COMPILATION_MODE = wholemodule;
				SWIFT_OPTIMIZATION_LEVEL = "-O";
				VALIDATE_PRODUCT = YES;
			};
			name = Release;
		};
		060FEF6D261DECB7008C674F /* Debug */ = {
			isa = XCBuildConfiguration;
			baseConfigurationReference = 3B5F7486CBC4284CE891213E /* Pods-snapKitTest.debug.xcconfig */;
			buildSettings = {
				ASSETCATALOG_COMPILER_APPICON_NAME = AppIcon;
				ASSETCATALOG_COMPILER_GLOBAL_ACCENT_COLOR_NAME = AccentColor;
				CODE_SIGN_STYLE = Automatic;
				DEVELOPMENT_TEAM = RKSNRHW63A;
				INFOPLIST_FILE = snapKitTest/Info.plist;
				LD_RUNPATH_SEARCH_PATHS = (
					"$(inherited)",
					"@executable_path/Frameworks",
				);
				PRODUCT_BUNDLE_IDENTIFIER = com.pangeun.snapKitTest;
				PRODUCT_NAME = "$(TARGET_NAME)";
				SWIFT_VERSION = 5.0;
				TARGETED_DEVICE_FAMILY = "1,2";
			};
			name = Debug;
		};
		060FEF6E261DECB7008C674F /* Release */ = {
			isa = XCBuildConfiguration;
			baseConfigurationReference = CD19E2977EFB6E415A7E4081 /* Pods-snapKitTest.release.xcconfig */;
			buildSettings = {
				ASSETCATALOG_COMPILER_APPICON_NAME = AppIcon;
				ASSETCATALOG_COMPILER_GLOBAL_ACCENT_COLOR_NAME = AccentColor;
				CODE_SIGN_STYLE = Automatic;
				DEVELOPMENT_TEAM = RKSNRHW63A;
				INFOPLIST_FILE = snapKitTest/Info.plist;
				LD_RUNPATH_SEARCH_PATHS = (
					"$(inherited)",
					"@executable_path/Frameworks",
				);
				PRODUCT_BUNDLE_IDENTIFIER = com.pangeun.snapKitTest;
				PRODUCT_NAME = "$(TARGET_NAME)";
				SWIFT_VERSION = 5.0;
				TARGETED_DEVICE_FAMILY = "1,2";
			};
			name = Release;
		};
/* End XCBuildConfiguration section */

/* Begin XCConfigurationList section */
		060FEF53261DECB6008C674F /* Build configuration list for PBXProject "snapKitTest" */ = {
			isa = XCConfigurationList;
			buildConfigurations = (
				060FEF6A261DECB7008C674F /* Debug */,
				060FEF6B261DECB7008C674F /* Release */,
			);
			defaultConfigurationIsVisible = 0;
			defaultConfigurationName = Release;
		};
		060FEF6C261DECB7008C674F /* Build configuration list for PBXNativeTarget "snapKitTest" */ = {
			isa = XCConfigurationList;
			buildConfigurations = (
				060FEF6D261DECB7008C674F /* Debug */,
				060FEF6E261DECB7008C674F /* Release */,
			);
			defaultConfigurationIsVisible = 0;
			defaultConfigurationName = Release;
		};
/* End XCConfigurationList section */
	};
	rootObject = 060FEF50261DECB6008C674F /* Project object */;
}
