// !$*UTF8*$!
{
	archiveVersion = 1;
	classes = {
	};
	objectVersion = 51;
	objects = {

/* Begin PBXBuildFile section */
		06DF91C125DEA29D00BA67C1 /* AppDelegate.swift in Sources */ = {isa = PBXBuildFile; fileRef = 06DF91C025DEA29D00BA67C1 /* AppDelegate.swift */; };
		06DF91C325DEA29D00BA67C1 /* SceneDelegate.swift in Sources */ = {isa = PBXBuildFile; fileRef = 06DF91C225DEA29D00BA67C1 /* SceneDelegate.swift */; };
		06DF91C525DEA29D00BA67C1 /* ViewController.swift in Sources */ = {isa = PBXBuildFile; fileRef = 06DF91C425DEA29D00BA67C1 /* ViewController.swift */; };
		06DF91C825DEA29D00BA67C1 /* Main.storyboard in Resources */ = {isa = PBXBuildFile; fileRef = 06DF91C625DEA29D00BA67C1 /* Main.storyboard */; };
		06DF91CA25DEA29E00BA67C1 /* Assets.xcassets in Resources */ = {isa = PBXBuildFile; fileRef = 06DF91C925DEA29E00BA67C1 /* Assets.xcassets */; };
		06DF91CD25DEA29E00BA67C1 /* LaunchScreen.storyboard in Resources */ = {isa = PBXBuildFile; fileRef = 06DF91CB25DEA29E00BA67C1 /* LaunchScreen.storyboard */; };
		06E7F8E225DEB69E00AC9DA1 /* video.mov in Resources */ = {isa = PBXBuildFile; fileRef = 06E7F8E125DEB69E00AC9DA1 /* video.mov */; };
		4DE825AA05A155F9414313C8 /* Pods_alamofireVideo.framework in Frameworks */ = {isa = PBXBuildFile; fileRef = 457D1CDABD53E0A67AF8C838 /* Pods_alamofireVideo.framework */; };
/* End PBXBuildFile section */

/* Begin PBXFileReference section */
		06DF91BD25DEA29D00BA67C1 /* alamofireVideo.app */ = {isa = PBXFileReference; explicitFileType = wrapper.application; includeInIndex = 0; path = alamofireVideo.app; sourceTree = BUILT_PRODUCTS_DIR; };
		06DF91C025DEA29D00BA67C1 /* AppDelegate.swift */ = {isa = PBXFileReference; lastKnownFileType = sourcecode.swift; path = AppDelegate.swift; sourceTree = "<group>"; };
		06DF91C225DEA29D00BA67C1 /* SceneDelegate.swift */ = {isa = PBXFileReference; lastKnownFileType = sourcecode.swift; path = SceneDelegate.swift; sourceTree = "<group>"; };
		06DF91C425DEA29D00BA67C1 /* ViewController.swift */ = {isa = PBXFileReference; lastKnownFileType = sourcecode.swift; path = ViewController.swift; sourceTree = "<group>"; };
		06DF91C725DEA29D00BA67C1 /* Base */ = {isa = PBXFileReference; lastKnownFileType = file.storyboard; name = Base; path = Base.lproj/Main.storyboard; sourceTree = "<group>"; };
		06DF91C925DEA29E00BA67C1 /* Assets.xcassets */ = {isa = PBXFileReference; lastKnownFileType = folder.assetcatalog; path = Assets.xcassets; sourceTree = "<group>"; };
		06DF91CC25DEA29E00BA67C1 /* Base */ = {isa = PBXFileReference; lastKnownFileType = file.storyboard; name = Base; path = Base.lproj/LaunchScreen.storyboard; sourceTree = "<group>"; };
		06DF91CE25DEA29E00BA67C1 /* Info.plist */ = {isa = PBXFileReference; lastKnownFileType = text.plist.xml; path = Info.plist; sourceTree = "<group>"; };
		06E7F8E125DEB69E00AC9DA1 /* video.mov */ = {isa = PBXFileReference; lastKnownFileType = video.quicktime; name = video.mov; path = ../../../../../Desktop/video.mov; sourceTree = "<group>"; };
		457D1CDABD53E0A67AF8C838 /* Pods_alamofireVideo.framework */ = {isa = PBXFileReference; explicitFileType = wrapper.framework; includeInIndex = 0; path = Pods_alamofireVideo.framework; sourceTree = BUILT_PRODUCTS_DIR; };
		646E272607DB826AB19EBB1B /* Pods-alamofireVideo.release.xcconfig */ = {isa = PBXFileReference; includeInIndex = 1; lastKnownFileType = text.xcconfig; name = "Pods-alamofireVideo.release.xcconfig"; path = "Target Support Files/Pods-alamofireVideo/Pods-alamofireVideo.release.xcconfig"; sourceTree = "<group>"; };
		F4C1F9D12F00F30E9B6A0E4F /* Pods-alamofireVideo.debug.xcconfig */ = {isa = PBXFileReference; includeInIndex = 1; lastKnownFileType = text.xcconfig; name = "Pods-alamofireVideo.debug.xcconfig"; path = "Target Support Files/Pods-alamofireVideo/Pods-alamofireVideo.debug.xcconfig"; sourceTree = "<group>"; };
/* End PBXFileReference section */

/* Begin PBXFrameworksBuildPhase section */
		06DF91BA25DEA29D00BA67C1 /* Frameworks */ = {
			isa = PBXFrameworksBuildPhase;
			buildActionMask = 2147483647;
			files = (
				4DE825AA05A155F9414313C8 /* Pods_alamofireVideo.framework in Frameworks */,
			);
			runOnlyForDeploymentPostprocessing = 0;
		};
/* End PBXFrameworksBuildPhase section */

/* Begin PBXGroup section */
		06DF91B425DEA29D00BA67C1 = {
			isa = PBXGroup;
			children = (
				06DF91BF25DEA29D00BA67C1 /* alamofireVideo */,
				06DF91BE25DEA29D00BA67C1 /* Products */,
				1387183A988775DF98DA14F0 /* Pods */,
				FCBD9F8149BE8BA8F873C0A9 /* Frameworks */,
			);
			sourceTree = "<group>";
		};
		06DF91BE25DEA29D00BA67C1 /* Products */ = {
			isa = PBXGroup;
			children = (
				06DF91BD25DEA29D00BA67C1 /* alamofireVideo.app */,
			);
			name = Products;
			sourceTree = "<group>";
		};
		06DF91BF25DEA29D00BA67C1 /* alamofireVideo */ = {
			isa = PBXGroup;
			children = (
				06E7F8E025DEB69800AC9DA1 /* video */,
				06DF91C025DEA29D00BA67C1 /* AppDelegate.swift */,
				06DF91C225DEA29D00BA67C1 /* SceneDelegate.swift */,
				06DF91C425DEA29D00BA67C1 /* ViewController.swift */,
				06DF91C625DEA29D00BA67C1 /* Main.storyboard */,
				06DF91C925DEA29E00BA67C1 /* Assets.xcassets */,
				06DF91CB25DEA29E00BA67C1 /* LaunchScreen.storyboard */,
				06DF91CE25DEA29E00BA67C1 /* Info.plist */,
			);
			path = alamofireVideo;
			sourceTree = "<group>";
		};
		06E7F8E025DEB69800AC9DA1 /* video */ = {
			isa = PBXGroup;
			children = (
				06E7F8E125DEB69E00AC9DA1 /* video.mov */,
			);
			path = video;
			sourceTree = "<group>";
		};
		1387183A988775DF98DA14F0 /* Pods */ = {
			isa = PBXGroup;
			children = (
				F4C1F9D12F00F30E9B6A0E4F /* Pods-alamofireVideo.debug.xcconfig */,
				646E272607DB826AB19EBB1B /* Pods-alamofireVideo.release.xcconfig */,
			);
			path = Pods;
			sourceTree = "<group>";
		};
		FCBD9F8149BE8BA8F873C0A9 /* Frameworks */ = {
			isa = PBXGroup;
			children = (
				457D1CDABD53E0A67AF8C838 /* Pods_alamofireVideo.framework */,
			);
			name = Frameworks;
			sourceTree = "<group>";
		};
/* End PBXGroup section */

/* Begin PBXNativeTarget section */
		06DF91BC25DEA29D00BA67C1 /* alamofireVideo */ = {
			isa = PBXNativeTarget;
			buildConfigurationList = 06DF91D125DEA29E00BA67C1 /* Build configuration list for PBXNativeTarget "alamofireVideo" */;
			buildPhases = (
				128D5023F4B515F2D7E7D2AC /* [CP] Check Pods Manifest.lock */,
				06DF91B925DEA29D00BA67C1 /* Sources */,
				06DF91BA25DEA29D00BA67C1 /* Frameworks */,
				06DF91BB25DEA29D00BA67C1 /* Resources */,
				991D9099B6A5D603D55A1640 /* [CP] Embed Pods Frameworks */,
			);
			buildRules = (
			);
			dependencies = (
			);
			name = alamofireVideo;
			productName = alamofireVideo;
			productReference = 06DF91BD25DEA29D00BA67C1 /* alamofireVideo.app */;
			productType = "com.apple.product-type.application";
		};
/* End PBXNativeTarget section */

/* Begin PBXProject section */
		06DF91B525DEA29D00BA67C1 /* Project object */ = {
			isa = PBXProject;
			attributes = {
				LastSwiftUpdateCheck = 1230;
				LastUpgradeCheck = 1230;
				TargetAttributes = {
					06DF91BC25DEA29D00BA67C1 = {
						CreatedOnToolsVersion = 12.3;
					};
				};
			};
			buildConfigurationList = 06DF91B825DEA29D00BA67C1 /* Build configuration list for PBXProject "alamofireVideo" */;
			compatibilityVersion = "Xcode 9.3";
			developmentRegion = en;
			hasScannedForEncodings = 0;
			knownRegions = (
				en,
				Base,
			);
			mainGroup = 06DF91B425DEA29D00BA67C1;
			productRefGroup = 06DF91BE25DEA29D00BA67C1 /* Products */;
			projectDirPath = "";
			projectRoot = "";
			targets = (
				06DF91BC25DEA29D00BA67C1 /* alamofireVideo */,
			);
		};
/* End PBXProject section */

/* Begin PBXResourcesBuildPhase section */
		06DF91BB25DEA29D00BA67C1 /* Resources */ = {
			isa = PBXResourcesBuildPhase;
			buildActionMask = 2147483647;
			files = (
				06DF91CD25DEA29E00BA67C1 /* LaunchScreen.storyboard in Resources */,
				06DF91CA25DEA29E00BA67C1 /* Assets.xcassets in Resources */,
				06E7F8E225DEB69E00AC9DA1 /* video.mov in Resources */,
				06DF91C825DEA29D00BA67C1 /* Main.storyboard in Resources */,
			);
			runOnlyForDeploymentPostprocessing = 0;
		};
/* End PBXResourcesBuildPhase section */

/* Begin PBXShellScriptBuildPhase section */
		128D5023F4B515F2D7E7D2AC /* [CP] Check Pods Manifest.lock */ = {
			isa = PBXShellScriptBuildPhase;
			buildActionMask = 2147483647;
			files = (
			);
			inputFileListPaths = (
			);
			inputPaths = (
				"${PODS_PODFILE_DIR_PATH}/Podfile.lock",
				"${PODS_ROOT}/Manifest.lock",
			);
			name = "[CP] Check Pods Manifest.lock";
			outputFileListPaths = (
			);
			outputPaths = (
				"$(DERIVED_FILE_DIR)/Pods-alamofireVideo-checkManifestLockResult.txt",
			);
			runOnlyForDeploymentPostprocessing = 0;
			shellPath = /bin/sh;
			shellScript = "diff \"${PODS_PODFILE_DIR_PATH}/Podfile.lock\" \"${PODS_ROOT}/Manifest.lock\" > /dev/null\nif [ $? != 0 ] ; then\n    # print error to STDERR\n    echo \"error: The sandbox is not in sync with the Podfile.lock. Run 'pod install' or update your CocoaPods installation.\" >&2\n    exit 1\nfi\n# This output is used by Xcode 'outputs' to avoid re-running this script phase.\necho \"SUCCESS\" > \"${SCRIPT_OUTPUT_FILE_0}\"\n";
			showEnvVarsInLog = 0;
		};
		991D9099B6A5D603D55A1640 /* [CP] Embed Pods Frameworks */ = {
			isa = PBXShellScriptBuildPhase;
			buildActionMask = 2147483647;
			files = (
			);
			inputFileListPaths = (
				"${PODS_ROOT}/Target Support Files/Pods-alamofireVideo/Pods-alamofireVideo-frameworks-${CONFIGURATION}-input-files.xcfilelist",
			);
			name = "[CP] Embed Pods Frameworks";
			outputFileListPaths = (
				"${PODS_ROOT}/Target Support Files/Pods-alamofireVideo/Pods-alamofireVideo-frameworks-${CONFIGURATION}-output-files.xcfilelist",
			);
			runOnlyForDeploymentPostprocessing = 0;
			shellPath = /bin/sh;
			shellScript = "\"${PODS_ROOT}/Target Support Files/Pods-alamofireVideo/Pods-alamofireVideo-frameworks.sh\"\n";
			showEnvVarsInLog = 0;
		};
/* End PBXShellScriptBuildPhase section */

/* Begin PBXSourcesBuildPhase section */
		06DF91B925DEA29D00BA67C1 /* Sources */ = {
			isa = PBXSourcesBuildPhase;
			buildActionMask = 2147483647;
			files = (
				06DF91C525DEA29D00BA67C1 /* ViewController.swift in Sources */,
				06DF91C125DEA29D00BA67C1 /* AppDelegate.swift in Sources */,
				06DF91C325DEA29D00BA67C1 /* SceneDelegate.swift in Sources */,
			);
			runOnlyForDeploymentPostprocessing = 0;
		};
/* End PBXSourcesBuildPhase section */

/* Begin PBXVariantGroup section */
		06DF91C625DEA29D00BA67C1 /* Main.storyboard */ = {
			isa = PBXVariantGroup;
			children = (
				06DF91C725DEA29D00BA67C1 /* Base */,
			);
			name = Main.storyboard;
			sourceTree = "<group>";
		};
		06DF91CB25DEA29E00BA67C1 /* LaunchScreen.storyboard */ = {
			isa = PBXVariantGroup;
			children = (
				06DF91CC25DEA29E00BA67C1 /* Base */,
			);
			name = LaunchScreen.storyboard;
			sourceTree = "<group>";
		};
/* End PBXVariantGroup section */

/* Begin XCBuildConfiguration section */
		06DF91CF25DEA29E00BA67C1 /* Debug */ = {
			isa = XCBuildConfiguration;
			buildSettings = {
				ALWAYS_SEARCH_USER_PATHS = NO;
				CLANG_ANALYZER_NONNULL = YES;
				CLANG_ANALYZER_NUMBER_OBJECT_CONVERSION = YES_AGGRESSIVE;
				CLANG_CXX_LANGUAGE_STANDARD = "gnu++14";
				CLANG_CXX_LIBRARY = "libc++";
				CLANG_ENABLE_MODULES = YES;
				CLANG_ENABLE_OBJC_ARC = YES;
				CLANG_ENABLE_OBJC_WEAK = YES;
				CLANG_WARN_BLOCK_CAPTURE_AUTORELEASING = YES;
				CLANG_WARN_BOOL_CONVERSION = YES;
				CLANG_WARN_COMMA = YES;
				CLANG_WARN_CONSTANT_CONVERSION = YES;
				CLANG_WARN_DEPRECATED_OBJC_IMPLEMENTATIONS = YES;
				CLANG_WARN_DIRECT_OBJC_ISA_USAGE = YES_ERROR;
				CLANG_WARN_DOCUMENTATION_COMMENTS = YES;
				CLANG_WARN_EMPTY_BODY = YES;
				CLANG_WARN_ENUM_CONVERSION = YES;
				CLANG_WARN_INFINITE_RECURSION = YES;
				CLANG_WARN_INT_CONVERSION = YES;
				CLANG_WARN_NON_LITERAL_NULL_CONVERSION = YES;
				CLANG_WARN_OBJC_IMPLICIT_RETAIN_SELF = YES;
				CLANG_WARN_OBJC_LITERAL_CONVERSION = YES;
				CLANG_WARN_OBJC_ROOT_CLASS = YES_ERROR;
				CLANG_WARN_QUOTED_INCLUDE_IN_FRAMEWORK_HEADER = YES;
				CLANG_WARN_RANGE_LOOP_ANALYSIS = YES;
				CLANG_WARN_STRICT_PROTOTYPES = YES;
				CLANG_WARN_SUSPICIOUS_MOVE = YES;
				CLANG_WARN_UNGUARDED_AVAILABILITY = YES_AGGRESSIVE;
				CLANG_WARN_UNREACHABLE_CODE = YES;
				CLANG_WARN__DUPLICATE_METHOD_MATCH = YES;
				COPY_PHASE_STRIP = NO;
				DEBUG_INFORMATION_FORMAT = dwarf;
				ENABLE_STRICT_OBJC_MSGSEND = YES;
				ENABLE_TESTABILITY = YES;
				GCC_C_LANGUAGE_STANDARD = gnu11;
				GCC_DYNAMIC_NO_PIC = NO;
				GCC_NO_COMMON_BLOCKS = YES;
				GCC_OPTIMIZATION_LEVEL = 0;
				GCC_PREPROCESSOR_DEFINITIONS = (
					"DEBUG=1",
					"$(inherited)",
				);
				GCC_WARN_64_TO_32_BIT_CONVERSION = YES;
				GCC_WARN_ABOUT_RETURN_TYPE = YES_ERROR;
				GCC_WARN_UNDECLARED_SELECTOR = YES;
				GCC_WARN_UNINITIALIZED_AUTOS = YES_AGGRESSIVE;
				GCC_WARN_UNUSED_FUNCTION = YES;
				GCC_WARN_UNUSED_VARIABLE = YES;
				IPHONEOS_DEPLOYMENT_TARGET = 14.3;
				MTL_ENABLE_DEBUG_INFO = INCLUDE_SOURCE;
				MTL_FAST_MATH = YES;
				ONLY_ACTIVE_ARCH = YES;
				SDKROOT = iphoneos;
				SWIFT_ACTIVE_COMPILATION_CONDITIONS = DEBUG;
				SWIFT_OPTIMIZATION_LEVEL = "-Onone";
			};
			name = Debug;
		};
		06DF91D025DEA29E00BA67C1 /* Release */ = {
			isa = XCBuildConfiguration;
			buildSettings = {
				ALWAYS_SEARCH_USER_PATHS = NO;
				CLANG_ANALYZER_NONNULL = YES;
				CLANG_ANALYZER_NUMBER_OBJECT_CONVERSION = YES_AGGRESSIVE;
				CLANG_CXX_LANGUAGE_STANDARD = "gnu++14";
				CLANG_CXX_LIBRARY = "libc++";
				CLANG_ENABLE_MODULES = YES;
				CLANG_ENABLE_OBJC_ARC = YES;
				CLANG_ENABLE_OBJC_WEAK = YES;
				CLANG_WARN_BLOCK_CAPTURE_AUTORELEASING = YES;
				CLANG_WARN_BOOL_CONVERSION = YES;
				CLANG_WARN_COMMA = YES;
				CLANG_WARN_CONSTANT_CONVERSION = YES;
				CLANG_WARN_DEPRECATED_OBJC_IMPLEMENTATIONS = YES;
				CLANG_WARN_DIRECT_OBJC_ISA_USAGE = YES_ERROR;
				CLANG_WARN_DOCUMENTATION_COMMENTS = YES;
				CLANG_WARN_EMPTY_BODY = YES;
				CLANG_WARN_ENUM_CONVERSION = YES;
				CLANG_WARN_INFINITE_RECURSION = YES;
				CLANG_WARN_INT_CONVERSION = YES;
				CLANG_WARN_NON_LITERAL_NULL_CONVERSION = YES;
				CLANG_WARN_OBJC_IMPLICIT_RETAIN_SELF = YES;
				CLANG_WARN_OBJC_LITERAL_CONVERSION = YES;
				CLANG_WARN_OBJC_ROOT_CLASS = YES_ERROR;
				CLANG_WARN_QUOTED_INCLUDE_IN_FRAMEWORK_HEADER = YES;
				CLANG_WARN_RANGE_LOOP_ANALYSIS = YES;
				CLANG_WARN_STRICT_PROTOTYPES = YES;
				CLANG_WARN_SUSPICIOUS_MOVE = YES;
				CLANG_WARN_UNGUARDED_AVAILABILITY = YES_AGGRESSIVE;
				CLANG_WARN_UNREACHABLE_CODE = YES;
				CLANG_WARN__DUPLICATE_METHOD_MATCH = YES;
				COPY_PHASE_STRIP = NO;
				DEBUG_INFORMATION_FORMAT = "dwarf-with-dsym";
				ENABLE_NS_ASSERTIONS = NO;
				ENABLE_STRICT_OBJC_MSGSEND = YES;
				GCC_C_LANGUAGE_STANDARD = gnu11;
				GCC_NO_COMMON_BLOCKS = YES;
				GCC_WARN_64_TO_32_BIT_CONVERSION = YES;
				GCC_WARN_ABOUT_RETURN_TYPE = YES_ERROR;
				GCC_WARN_UNDECLARED_SELECTOR = YES;
				GCC_WARN_UNINITIALIZED_AUTOS = YES_AGGRESSIVE;
				GCC_WARN_UNUSED_FUNCTION = YES;
				GCC_WARN_UNUSED_VARIABLE = YES;
				IPHONEOS_DEPLOYMENT_TARGET = 14.3;
				MTL_ENABLE_DEBUG_INFO = NO;
				MTL_FAST_MATH = YES;
				SDKROOT = iphoneos;
				SWIFT_COMPILATION_MODE = wholemodule;
				SWIFT_OPTIMIZATION_LEVEL = "-O";
				VALIDATE_PRODUCT = YES;
			};
			name = Release;
		};
		06DF91D225DEA29E00BA67C1 /* Debug */ = {
			isa = XCBuildConfiguration;
			baseConfigurationReference = F4C1F9D12F00F30E9B6A0E4F /* Pods-alamofireVideo.debug.xcconfig */;
			buildSettings = {
				ASSETCATALOG_COMPILER_APPICON_NAME = AppIcon;
				ASSETCATALOG_COMPILER_GLOBAL_ACCENT_COLOR_NAME = AccentColor;
				CODE_SIGN_STYLE = Automatic;
				DEVELOPMENT_TEAM = RKSNRHW63A;
				INFOPLIST_FILE = alamofireVideo/Info.plist;
				LD_RUNPATH_SEARCH_PATHS = (
					"$(inherited)",
					"@executable_path/Frameworks",
				);
				PRODUCT_BUNDLE_IDENTIFIER = com.pangeun.alamofireVideo;
				PRODUCT_NAME = "$(TARGET_NAME)";
				SWIFT_VERSION = 5.0;
				TARGETED_DEVICE_FAMILY = "1,2";
			};
			name = Debug;
		};
		06DF91D325DEA29E00BA67C1 /* Release */ = {
			isa = XCBuildConfiguration;
			baseConfigurationReference = 646E272607DB826AB19EBB1B /* Pods-alamofireVideo.release.xcconfig */;
			buildSettings = {
				ASSETCATALOG_COMPILER_APPICON_NAME = AppIcon;
				ASSETCATALOG_COMPILER_GLOBAL_ACCENT_COLOR_NAME = AccentColor;
				CODE_SIGN_STYLE = Automatic;
				DEVELOPMENT_TEAM = RKSNRHW63A;
				INFOPLIST_FILE = alamofireVideo/Info.plist;
				LD_RUNPATH_SEARCH_PATHS = (
					"$(inherited)",
					"@executable_path/Frameworks",
				);
				PRODUCT_BUNDLE_IDENTIFIER = com.pangeun.alamofireVideo;
				PRODUCT_NAME = "$(TARGET_NAME)";
				SWIFT_VERSION = 5.0;
				TARGETED_DEVICE_FAMILY = "1,2";
			};
			name = Release;
		};
/* End XCBuildConfiguration section */

/* Begin XCConfigurationList section */
		06DF91B825DEA29D00BA67C1 /* Build configuration list for PBXProject "alamofireVideo" */ = {
			isa = XCConfigurationList;
			buildConfigurations = (
				06DF91CF25DEA29E00BA67C1 /* Debug */,
				06DF91D025DEA29E00BA67C1 /* Release */,
			);
			defaultConfigurationIsVisible = 0;
			defaultConfigurationName = Release;
		};
		06DF91D125DEA29E00BA67C1 /* Build configuration list for PBXNativeTarget "alamofireVideo" */ = {
			isa = XCConfigurationList;
			buildConfigurations = (
				06DF91D225DEA29E00BA67C1 /* Debug */,
				06DF91D325DEA29E00BA67C1 /* Release */,
			);
			defaultConfigurationIsVisible = 0;
			defaultConfigurationName = Release;
		};
/* End XCConfigurationList section */
	};
	rootObject = 06DF91B525DEA29D00BA67C1 /* Project object */;
}
