// !$*UTF8*$!
{
	archiveVersion = 1;
	classes = {
	};
	objectVersion = 50;
	objects = {

/* Begin PBXBuildFile section */
		06B8DA9625F504A000D1206B /* AppDelegate.swift in Sources */ = {isa = PBXBuildFile; fileRef = 06B8DA9525F504A000D1206B /* AppDelegate.swift */; };
		06B8DA9825F504A000D1206B /* SceneDelegate.swift in Sources */ = {isa = PBXBuildFile; fileRef = 06B8DA9725F504A000D1206B /* SceneDelegate.swift */; };
		06B8DA9A25F504A000D1206B /* ViewController.swift in Sources */ = {isa = PBXBuildFile; fileRef = 06B8DA9925F504A000D1206B /* ViewController.swift */; };
		06B8DA9D25F504A000D1206B /* Main.storyboard in Resources */ = {isa = PBXBuildFile; fileRef = 06B8DA9B25F504A000D1206B /* Main.storyboard */; };
		06B8DA9F25F504A000D1206B /* Assets.xcassets in Resources */ = {isa = PBXBuildFile; fileRef = 06B8DA9E25F504A000D1206B /* Assets.xcassets */; };
		06B8DAA225F504A000D1206B /* LaunchScreen.storyboard in Resources */ = {isa = PBXBuildFile; fileRef = 06B8DAA025F504A000D1206B /* LaunchScreen.storyboard */; };
		06B8DAAB25F51AEF00D1206B /* AnchorViewController.swift in Sources */ = {isa = PBXBuildFile; fileRef = 06B8DAAA25F51AEF00D1206B /* AnchorViewController.swift */; };
/* End PBXBuildFile section */

/* Begin PBXFileReference section */
		06B8DA9225F504A000D1206B /* constraintsWithCode-01.app */ = {isa = PBXFileReference; explicitFileType = wrapper.application; includeInIndex = 0; path = "constraintsWithCode-01.app"; sourceTree = BUILT_PRODUCTS_DIR; };
		06B8DA9525F504A000D1206B /* AppDelegate.swift */ = {isa = PBXFileReference; lastKnownFileType = sourcecode.swift; path = AppDelegate.swift; sourceTree = "<group>"; };
		06B8DA9725F504A000D1206B /* SceneDelegate.swift */ = {isa = PBXFileReference; lastKnownFileType = sourcecode.swift; path = SceneDelegate.swift; sourceTree = "<group>"; };
		06B8DA9925F504A000D1206B /* ViewController.swift */ = {isa = PBXFileReference; lastKnownFileType = sourcecode.swift; path = ViewController.swift; sourceTree = "<group>"; };
		06B8DA9C25F504A000D1206B /* Base */ = {isa = PBXFileReference; lastKnownFileType = file.storyboard; name = Base; path = Base.lproj/Main.storyboard; sourceTree = "<group>"; };
		06B8DA9E25F504A000D1206B /* Assets.xcassets */ = {isa = PBXFileReference; lastKnownFileType = folder.assetcatalog; path = Assets.xcassets; sourceTree = "<group>"; };
		06B8DAA125F504A000D1206B /* Base */ = {isa = PBXFileReference; lastKnownFileType = file.storyboard; name = Base; path = Base.lproj/LaunchScreen.storyboard; sourceTree = "<group>"; };
		06B8DAA325F504A000D1206B /* Info.plist */ = {isa = PBXFileReference; lastKnownFileType = text.plist.xml; path = Info.plist; sourceTree = "<group>"; };
		06B8DAAA25F51AEF00D1206B /* AnchorViewController.swift */ = {isa = PBXFileReference; lastKnownFileType = sourcecode.swift; path = AnchorViewController.swift; sourceTree = "<group>"; };
/* End PBXFileReference section */

/* Begin PBXFrameworksBuildPhase section */
		06B8DA8F25F504A000D1206B /* Frameworks */ = {
			isa = PBXFrameworksBuildPhase;
			buildActionMask = 2147483647;
			files = (
			);
			runOnlyForDeploymentPostprocessing = 0;
		};
/* End PBXFrameworksBuildPhase section */

/* Begin PBXGroup section */
		06B8DA8925F504A000D1206B = {
			isa = PBXGroup;
			children = (
				06B8DA9425F504A000D1206B /* constraintsWithCode-01 */,
				06B8DA9325F504A000D1206B /* Products */,
			);
			sourceTree = "<group>";
		};
		06B8DA9325F504A000D1206B /* Products */ = {
			isa = PBXGroup;
			children = (
				06B8DA9225F504A000D1206B /* constraintsWithCode-01.app */,
			);
			name = Products;
			sourceTree = "<group>";
		};
		06B8DA9425F504A000D1206B /* constraintsWithCode-01 */ = {
			isa = PBXGroup;
			children = (
				06B8DA9525F504A000D1206B /* AppDelegate.swift */,
				06B8DA9725F504A000D1206B /* SceneDelegate.swift */,
				06B8DA9925F504A000D1206B /* ViewController.swift */,
				06B8DA9B25F504A000D1206B /* Main.storyboard */,
				06B8DA9E25F504A000D1206B /* Assets.xcassets */,
				06B8DAA025F504A000D1206B /* LaunchScreen.storyboard */,
				06B8DAA325F504A000D1206B /* Info.plist */,
				06B8DAAA25F51AEF00D1206B /* AnchorViewController.swift */,
			);
			path = "constraintsWithCode-01";
			sourceTree = "<group>";
		};
/* End PBXGroup section */

/* Begin PBXNativeTarget section */
		06B8DA9125F504A000D1206B /* constraintsWithCode-01 */ = {
			isa = PBXNativeTarget;
			buildConfigurationList = 06B8DAA625F504A000D1206B /* Build configuration list for PBXNativeTarget "constraintsWithCode-01" */;
			buildPhases = (
				06B8DA8E25F504A000D1206B /* Sources */,
				06B8DA8F25F504A000D1206B /* Frameworks */,
				06B8DA9025F504A000D1206B /* Resources */,
			);
			buildRules = (
			);
			dependencies = (
			);
			name = "constraintsWithCode-01";
			productName = "constraintsWithCode-01";
			productReference = 06B8DA9225F504A000D1206B /* constraintsWithCode-01.app */;
			productType = "com.apple.product-type.application";
		};
/* End PBXNativeTarget section */

/* Begin PBXProject section */
		06B8DA8A25F504A000D1206B /* Project object */ = {
			isa = PBXProject;
			attributes = {
				LastSwiftUpdateCheck = 1230;
				LastUpgradeCheck = 1230;
				TargetAttributes = {
					06B8DA9125F504A000D1206B = {
						CreatedOnToolsVersion = 12.3;
					};
				};
			};
			buildConfigurationList = 06B8DA8D25F504A000D1206B /* Build configuration list for PBXProject "constraintsWithCode-01" */;
			compatibilityVersion = "Xcode 9.3";
			developmentRegion = en;
			hasScannedForEncodings = 0;
			knownRegions = (
				en,
				Base,
			);
			mainGroup = 06B8DA8925F504A000D1206B;
			productRefGroup = 06B8DA9325F504A000D1206B /* Products */;
			projectDirPath = "";
			projectRoot = "";
			targets = (
				06B8DA9125F504A000D1206B /* constraintsWithCode-01 */,
			);
		};
/* End PBXProject section */

/* Begin PBXResourcesBuildPhase section */
		06B8DA9025F504A000D1206B /* Resources */ = {
			isa = PBXResourcesBuildPhase;
			buildActionMask = 2147483647;
			files = (
				06B8DAA225F504A000D1206B /* LaunchScreen.storyboard in Resources */,
				06B8DA9F25F504A000D1206B /* Assets.xcassets in Resources */,
				06B8DA9D25F504A000D1206B /* Main.storyboard in Resources */,
			);
			runOnlyForDeploymentPostprocessing = 0;
		};
/* End PBXResourcesBuildPhase section */

/* Begin PBXSourcesBuildPhase section */
		06B8DA8E25F504A000D1206B /* Sources */ = {
			isa = PBXSourcesBuildPhase;
			buildActionMask = 2147483647;
			files = (
				06B8DA9A25F504A000D1206B /* ViewController.swift in Sources */,
				06B8DA9625F504A000D1206B /* AppDelegate.swift in Sources */,
				06B8DA9825F504A000D1206B /* SceneDelegate.swift in Sources */,
				06B8DAAB25F51AEF00D1206B /* AnchorViewController.swift in Sources */,
			);
			runOnlyForDeploymentPostprocessing = 0;
		};
/* End PBXSourcesBuildPhase section */

/* Begin PBXVariantGroup section */
		06B8DA9B25F504A000D1206B /* Main.storyboard */ = {
			isa = PBXVariantGroup;
			children = (
				06B8DA9C25F504A000D1206B /* Base */,
			);
			name = Main.storyboard;
			sourceTree = "<group>";
		};
		06B8DAA025F504A000D1206B /* LaunchScreen.storyboard */ = {
			isa = PBXVariantGroup;
			children = (
				06B8DAA125F504A000D1206B /* Base */,
			);
			name = LaunchScreen.storyboard;
			sourceTree = "<group>";
		};
/* End PBXVariantGroup section */

/* Begin XCBuildConfiguration section */
		06B8DAA425F504A000D1206B /* Debug */ = {
			isa = XCBuildConfiguration;
			buildSettings = {
				ALWAYS_SEARCH_USER_PATHS = NO;
				CLANG_ANALYZER_NONNULL = YES;
				CLANG_ANALYZER_NUMBER_OBJECT_CONVERSION = YES_AGGRESSIVE;
				CLANG_CXX_LANGUAGE_STANDARD = "gnu++14";
				CLANG_CXX_LIBRARY = "libc++";
				CLANG_ENABLE_MODULES = YES;
				CLANG_ENABLE_OBJC_ARC = YES;
				CLANG_ENABLE_OBJC_WEAK = YES;
				CLANG_WARN_BLOCK_CAPTURE_AUTORELEASING = YES;
				CLANG_WARN_BOOL_CONVERSION = YES;
				CLANG_WARN_COMMA = YES;
				CLANG_WARN_CONSTANT_CONVERSION = YES;
				CLANG_WARN_DEPRECATED_OBJC_IMPLEMENTATIONS = YES;
				CLANG_WARN_DIRECT_OBJC_ISA_USAGE = YES_ERROR;
				CLANG_WARN_DOCUMENTATION_COMMENTS = YES;
				CLANG_WARN_EMPTY_BODY = YES;
				CLANG_WARN_ENUM_CONVERSION = YES;
				CLANG_WARN_INFINITE_RECURSION = YES;
				CLANG_WARN_INT_CONVERSION = YES;
				CLANG_WARN_NON_LITERAL_NULL_CONVERSION = YES;
				CLANG_WARN_OBJC_IMPLICIT_RETAIN_SELF = YES;
				CLANG_WARN_OBJC_LITERAL_CONVERSION = YES;
				CLANG_WARN_OBJC_ROOT_CLASS = YES_ERROR;
				CLANG_WARN_QUOTED_INCLUDE_IN_FRAMEWORK_HEADER = YES;
				CLANG_WARN_RANGE_LOOP_ANALYSIS = YES;
				CLANG_WARN_STRICT_PROTOTYPES = YES;
				CLANG_WARN_SUSPICIOUS_MOVE = YES;
				CLANG_WARN_UNGUARDED_AVAILABILITY = YES_AGGRESSIVE;
				CLANG_WARN_UNREACHABLE_CODE = YES;
				CLANG_WARN__DUPLICATE_METHOD_MATCH = YES;
				COPY_PHASE_STRIP = NO;
				DEBUG_INFORMATION_FORMAT = dwarf;
				ENABLE_STRICT_OBJC_MSGSEND = YES;
				ENABLE_TESTABILITY = YES;
				GCC_C_LANGUAGE_STANDARD = gnu11;
				GCC_DYNAMIC_NO_PIC = NO;
				GCC_NO_COMMON_BLOCKS = YES;
				GCC_OPTIMIZATION_LEVEL = 0;
				GCC_PREPROCESSOR_DEFINITIONS = (
					"DEBUG=1",
					"$(inherited)",
				);
				GCC_WARN_64_TO_32_BIT_CONVERSION = YES;
				GCC_WARN_ABOUT_RETURN_TYPE = YES_ERROR;
				GCC_WARN_UNDECLARED_SELECTOR = YES;
				GCC_WARN_UNINITIALIZED_AUTOS = YES_AGGRESSIVE;
				GCC_WARN_UNUSED_FUNCTION = YES;
				GCC_WARN_UNUSED_VARIABLE = YES;
				IPHONEOS_DEPLOYMENT_TARGET = 14.3;
				MTL_ENABLE_DEBUG_INFO = INCLUDE_SOURCE;
				MTL_FAST_MATH = YES;
				ONLY_ACTIVE_ARCH = YES;
				SDKROOT = iphoneos;
				SWIFT_ACTIVE_COMPILATION_CONDITIONS = DEBUG;
				SWIFT_OPTIMIZATION_LEVEL = "-Onone";
			};
			name = Debug;
		};
		06B8DAA525F504A000D1206B /* Release */ = {
			isa = XCBuildConfiguration;
			buildSettings = {
				ALWAYS_SEARCH_USER_PATHS = NO;
				CLANG_ANALYZER_NONNULL = YES;
				CLANG_ANALYZER_NUMBER_OBJECT_CONVERSION = YES_AGGRESSIVE;
				CLANG_CXX_LANGUAGE_STANDARD = "gnu++14";
				CLANG_CXX_LIBRARY = "libc++";
				CLANG_ENABLE_MODULES = YES;
				CLANG_ENABLE_OBJC_ARC = YES;
				CLANG_ENABLE_OBJC_WEAK = YES;
				CLANG_WARN_BLOCK_CAPTURE_AUTORELEASING = YES;
				CLANG_WARN_BOOL_CONVERSION = YES;
				CLANG_WARN_COMMA = YES;
				CLANG_WARN_CONSTANT_CONVERSION = YES;
				CLANG_WARN_DEPRECATED_OBJC_IMPLEMENTATIONS = YES;
				CLANG_WARN_DIRECT_OBJC_ISA_USAGE = YES_ERROR;
				CLANG_WARN_DOCUMENTATION_COMMENTS = YES;
				CLANG_WARN_EMPTY_BODY = YES;
				CLANG_WARN_ENUM_CONVERSION = YES;
				CLANG_WARN_INFINITE_RECURSION = YES;
				CLANG_WARN_INT_CONVERSION = YES;
				CLANG_WARN_NON_LITERAL_NULL_CONVERSION = YES;
				CLANG_WARN_OBJC_IMPLICIT_RETAIN_SELF = YES;
				CLANG_WARN_OBJC_LITERAL_CONVERSION = YES;
				CLANG_WARN_OBJC_ROOT_CLASS = YES_ERROR;
				CLANG_WARN_QUOTED_INCLUDE_IN_FRAMEWORK_HEADER = YES;
				CLANG_WARN_RANGE_LOOP_ANALYSIS = YES;
				CLANG_WARN_STRICT_PROTOTYPES = YES;
				CLANG_WARN_SUSPICIOUS_MOVE = YES;
				CLANG_WARN_UNGUARDED_AVAILABILITY = YES_AGGRESSIVE;
				CLANG_WARN_UNREACHABLE_CODE = YES;
				CLANG_WARN__DUPLICATE_METHOD_MATCH = YES;
				COPY_PHASE_STRIP = NO;
				DEBUG_INFORMATION_FORMAT = "dwarf-with-dsym";
				ENABLE_NS_ASSERTIONS = NO;
				ENABLE_STRICT_OBJC_MSGSEND = YES;
				GCC_C_LANGUAGE_STANDARD = gnu11;
				GCC_NO_COMMON_BLOCKS = YES;
				GCC_WARN_64_TO_32_BIT_CONVERSION = YES;
				GCC_WARN_ABOUT_RETURN_TYPE = YES_ERROR;
				GCC_WARN_UNDECLARED_SELECTOR = YES;
				GCC_WARN_UNINITIALIZED_AUTOS = YES_AGGRESSIVE;
				GCC_WARN_UNUSED_FUNCTION = YES;
				GCC_WARN_UNUSED_VARIABLE = YES;
				IPHONEOS_DEPLOYMENT_TARGET = 14.3;
				MTL_ENABLE_DEBUG_INFO = NO;
				MTL_FAST_MATH = YES;
				SDKROOT = iphoneos;
				SWIFT_COMPILATION_MODE = wholemodule;
				SWIFT_OPTIMIZATION_LEVEL = "-O";
				VALIDATE_PRODUCT = YES;
			};
			name = Release;
		};
		06B8DAA725F504A000D1206B /* Debug */ = {
			isa = XCBuildConfiguration;
			buildSettings = {
				ASSETCATALOG_COMPILER_APPICON_NAME = AppIcon;
				ASSETCATALOG_COMPILER_GLOBAL_ACCENT_COLOR_NAME = AccentColor;
				CODE_SIGN_STYLE = Automatic;
				DEVELOPMENT_TEAM = RKSNRHW63A;
				INFOPLIST_FILE = "constraintsWithCode-01/Info.plist";
				LD_RUNPATH_SEARCH_PATHS = (
					"$(inherited)",
					"@executable_path/Frameworks",
				);
				PRODUCT_BUNDLE_IDENTIFIER = "com.pangeun.constraintsWithCode-01";
				PRODUCT_NAME = "$(TARGET_NAME)";
				SWIFT_VERSION = 5.0;
				TARGETED_DEVICE_FAMILY = "1,2";
			};
			name = Debug;
		};
		06B8DAA825F504A000D1206B /* Release */ = {
			isa = XCBuildConfiguration;
			buildSettings = {
				ASSETCATALOG_COMPILER_APPICON_NAME = AppIcon;
				ASSETCATALOG_COMPILER_GLOBAL_ACCENT_COLOR_NAME = AccentColor;
				CODE_SIGN_STYLE = Automatic;
				DEVELOPMENT_TEAM = RKSNRHW63A;
				INFOPLIST_FILE = "constraintsWithCode-01/Info.plist";
				LD_RUNPATH_SEARCH_PATHS = (
					"$(inherited)",
					"@executable_path/Frameworks",
				);
				PRODUCT_BUNDLE_IDENTIFIER = "com.pangeun.constraintsWithCode-01";
				PRODUCT_NAME = "$(TARGET_NAME)";
				SWIFT_VERSION = 5.0;
				TARGETED_DEVICE_FAMILY = "1,2";
			};
			name = Release;
		};
/* End XCBuildConfiguration section */

/* Begin XCConfigurationList section */
		06B8DA8D25F504A000D1206B /* Build configuration list for PBXProject "constraintsWithCode-01" */ = {
			isa = XCConfigurationList;
			buildConfigurations = (
				06B8DAA425F504A000D1206B /* Debug */,
				06B8DAA525F504A000D1206B /* Release */,
			);
			defaultConfigurationIsVisible = 0;
			defaultConfigurationName = Release;
		};
		06B8DAA625F504A000D1206B /* Build configuration list for PBXNativeTarget "constraintsWithCode-01" */ = {
			isa = XCConfigurationList;
			buildConfigurations = (
				06B8DAA725F504A000D1206B /* Debug */,
				06B8DAA825F504A000D1206B /* Release */,
			);
			defaultConfigurationIsVisible = 0;
			defaultConfigurationName = Release;
		};
/* End XCConfigurationList section */
	};
	rootObject = 06B8DA8A25F504A000D1206B /* Project object */;
}
