// !$*UTF8*$!
{
	archiveVersion = 1;
	classes = {
	};
	objectVersion = 51;
	objects = {

/* Begin PBXBuildFile section */
		06F940AE25E7991700254BBF /* AppDelegate.swift in Sources */ = {isa = PBXBuildFile; fileRef = 06F940AD25E7991700254BBF /* AppDelegate.swift */; };
		06F940B025E7991700254BBF /* SceneDelegate.swift in Sources */ = {isa = PBXBuildFile; fileRef = 06F940AF25E7991700254BBF /* SceneDelegate.swift */; };
		06F940B225E7991700254BBF /* ViewController.swift in Sources */ = {isa = PBXBuildFile; fileRef = 06F940B125E7991700254BBF /* ViewController.swift */; };
		06F940B525E7991700254BBF /* Main.storyboard in Resources */ = {isa = PBXBuildFile; fileRef = 06F940B325E7991700254BBF /* Main.storyboard */; };
		06F940B725E7991700254BBF /* Assets.xcassets in Resources */ = {isa = PBXBuildFile; fileRef = 06F940B625E7991700254BBF /* Assets.xcassets */; };
		06F940BA25E7991700254BBF /* LaunchScreen.storyboard in Resources */ = {isa = PBXBuildFile; fileRef = 06F940B825E7991700254BBF /* LaunchScreen.storyboard */; };
		F95C2C04F26A7C46DEDE9509 /* Pods_kakaoLoginTest.framework in Frameworks */ = {isa = PBXBuildFile; fileRef = 2FF55D65F3D0D57EF2228D48 /* Pods_kakaoLoginTest.framework */; };
/* End PBXBuildFile section */

/* Begin PBXFileReference section */
		00BA9D268C02FD8C300E47DB /* Pods-kakaoLoginTest.release.xcconfig */ = {isa = PBXFileReference; includeInIndex = 1; lastKnownFileType = text.xcconfig; name = "Pods-kakaoLoginTest.release.xcconfig"; path = "Target Support Files/Pods-kakaoLoginTest/Pods-kakaoLoginTest.release.xcconfig"; sourceTree = "<group>"; };
		06F940AA25E7991700254BBF /* kakaoLoginTest.app */ = {isa = PBXFileReference; explicitFileType = wrapper.application; includeInIndex = 0; path = kakaoLoginTest.app; sourceTree = BUILT_PRODUCTS_DIR; };
		06F940AD25E7991700254BBF /* AppDelegate.swift */ = {isa = PBXFileReference; lastKnownFileType = sourcecode.swift; path = AppDelegate.swift; sourceTree = "<group>"; };
		06F940AF25E7991700254BBF /* SceneDelegate.swift */ = {isa = PBXFileReference; lastKnownFileType = sourcecode.swift; path = SceneDelegate.swift; sourceTree = "<group>"; };
		06F940B125E7991700254BBF /* ViewController.swift */ = {isa = PBXFileReference; lastKnownFileType = sourcecode.swift; path = ViewController.swift; sourceTree = "<group>"; };
		06F940B425E7991700254BBF /* Base */ = {isa = PBXFileReference; lastKnownFileType = file.storyboard; name = Base; path = Base.lproj/Main.storyboard; sourceTree = "<group>"; };
		06F940B625E7991700254BBF /* Assets.xcassets */ = {isa = PBXFileReference; lastKnownFileType = folder.assetcatalog; path = Assets.xcassets; sourceTree = "<group>"; };
		06F940B925E7991700254BBF /* Base */ = {isa = PBXFileReference; lastKnownFileType = file.storyboard; name = Base; path = Base.lproj/LaunchScreen.storyboard; sourceTree = "<group>"; };
		06F940BB25E7991700254BBF /* Info.plist */ = {isa = PBXFileReference; lastKnownFileType = text.plist.xml; path = Info.plist; sourceTree = "<group>"; };
		2FF55D65F3D0D57EF2228D48 /* Pods_kakaoLoginTest.framework */ = {isa = PBXFileReference; explicitFileType = wrapper.framework; includeInIndex = 0; path = Pods_kakaoLoginTest.framework; sourceTree = BUILT_PRODUCTS_DIR; };
		49314322410C0535B5F4F779 /* Pods-kakaoLoginTest.debug.xcconfig */ = {isa = PBXFileReference; includeInIndex = 1; lastKnownFileType = text.xcconfig; name = "Pods-kakaoLoginTest.debug.xcconfig"; path = "Target Support Files/Pods-kakaoLoginTest/Pods-kakaoLoginTest.debug.xcconfig"; sourceTree = "<group>"; };
/* End PBXFileReference section */

/* Begin PBXFrameworksBuildPhase section */
		06F940A725E7991700254BBF /* Frameworks */ = {
			isa = PBXFrameworksBuildPhase;
			buildActionMask = 2147483647;
			files = (
				F95C2C04F26A7C46DEDE9509 /* Pods_kakaoLoginTest.framework in Frameworks */,
			);
			runOnlyForDeploymentPostprocessing = 0;
		};
/* End PBXFrameworksBuildPhase section */

/* Begin PBXGroup section */
		06F940A125E7991700254BBF = {
			isa = PBXGroup;
			children = (
				06F940AC25E7991700254BBF /* kakaoLoginTest */,
				06F940AB25E7991700254BBF /* Products */,
				B103ACC4C9335CE3D917985F /* Pods */,
				9DB06359BD6E41FDF663C515 /* Frameworks */,
			);
			sourceTree = "<group>";
		};
		06F940AB25E7991700254BBF /* Products */ = {
			isa = PBXGroup;
			children = (
				06F940AA25E7991700254BBF /* kakaoLoginTest.app */,
			);
			name = Products;
			sourceTree = "<group>";
		};
		06F940AC25E7991700254BBF /* kakaoLoginTest */ = {
			isa = PBXGroup;
			children = (
				06F940AD25E7991700254BBF /* AppDelegate.swift */,
				06F940AF25E7991700254BBF /* SceneDelegate.swift */,
				06F940B125E7991700254BBF /* ViewController.swift */,
				06F940B325E7991700254BBF /* Main.storyboard */,
				06F940B625E7991700254BBF /* Assets.xcassets */,
				06F940B825E7991700254BBF /* LaunchScreen.storyboard */,
				06F940BB25E7991700254BBF /* Info.plist */,
			);
			path = kakaoLoginTest;
			sourceTree = "<group>";
		};
		9DB06359BD6E41FDF663C515 /* Frameworks */ = {
			isa = PBXGroup;
			children = (
				2FF55D65F3D0D57EF2228D48 /* Pods_kakaoLoginTest.framework */,
			);
			name = Frameworks;
			sourceTree = "<group>";
		};
		B103ACC4C9335CE3D917985F /* Pods */ = {
			isa = PBXGroup;
			children = (
				49314322410C0535B5F4F779 /* Pods-kakaoLoginTest.debug.xcconfig */,
				00BA9D268C02FD8C300E47DB /* Pods-kakaoLoginTest.release.xcconfig */,
			);
			path = Pods;
			sourceTree = "<group>";
		};
/* End PBXGroup section */

/* Begin PBXNativeTarget section */
		06F940A925E7991700254BBF /* kakaoLoginTest */ = {
			isa = PBXNativeTarget;
			buildConfigurationList = 06F940BE25E7991700254BBF /* Build configuration list for PBXNativeTarget "kakaoLoginTest" */;
			buildPhases = (
				B4FF626C687BA4498C20F824 /* [CP] Check Pods Manifest.lock */,
				06F940A625E7991700254BBF /* Sources */,
				06F940A725E7991700254BBF /* Frameworks */,
				06F940A825E7991700254BBF /* Resources */,
				B9AAF93CFB1708C1543968B3 /* [CP] Embed Pods Frameworks */,
			);
			buildRules = (
			);
			dependencies = (
			);
			name = kakaoLoginTest;
			productName = kakaoLoginTest;
			productReference = 06F940AA25E7991700254BBF /* kakaoLoginTest.app */;
			productType = "com.apple.product-type.application";
		};
/* End PBXNativeTarget section */

/* Begin PBXProject section */
		06F940A225E7991700254BBF /* Project object */ = {
			isa = PBXProject;
			attributes = {
				LastSwiftUpdateCheck = 1230;
				LastUpgradeCheck = 1230;
				TargetAttributes = {
					06F940A925E7991700254BBF = {
						CreatedOnToolsVersion = 12.3;
					};
				};
			};
			buildConfigurationList = 06F940A525E7991700254BBF /* Build configuration list for PBXProject "kakaoLoginTest" */;
			compatibilityVersion = "Xcode 9.3";
			developmentRegion = en;
			hasScannedForEncodings = 0;
			knownRegions = (
				en,
				Base,
			);
			mainGroup = 06F940A125E7991700254BBF;
			productRefGroup = 06F940AB25E7991700254BBF /* Products */;
			projectDirPath = "";
			projectRoot = "";
			targets = (
				06F940A925E7991700254BBF /* kakaoLoginTest */,
			);
		};
/* End PBXProject section */

/* Begin PBXResourcesBuildPhase section */
		06F940A825E7991700254BBF /* Resources */ = {
			isa = PBXResourcesBuildPhase;
			buildActionMask = 2147483647;
			files = (
				06F940BA25E7991700254BBF /* LaunchScreen.storyboard in Resources */,
				06F940B725E7991700254BBF /* Assets.xcassets in Resources */,
				06F940B525E7991700254BBF /* Main.storyboard in Resources */,
			);
			runOnlyForDeploymentPostprocessing = 0;
		};
/* End PBXResourcesBuildPhase section */

/* Begin PBXShellScriptBuildPhase section */
		B4FF626C687BA4498C20F824 /* [CP] Check Pods Manifest.lock */ = {
			isa = PBXShellScriptBuildPhase;
			buildActionMask = 2147483647;
			files = (
			);
			inputFileListPaths = (
			);
			inputPaths = (
				"${PODS_PODFILE_DIR_PATH}/Podfile.lock",
				"${PODS_ROOT}/Manifest.lock",
			);
			name = "[CP] Check Pods Manifest.lock";
			outputFileListPaths = (
			);
			outputPaths = (
				"$(DERIVED_FILE_DIR)/Pods-kakaoLoginTest-checkManifestLockResult.txt",
			);
			runOnlyForDeploymentPostprocessing = 0;
			shellPath = /bin/sh;
			shellScript = "diff \"${PODS_PODFILE_DIR_PATH}/Podfile.lock\" \"${PODS_ROOT}/Manifest.lock\" > /dev/null\nif [ $? != 0 ] ; then\n    # print error to STDERR\n    echo \"error: The sandbox is not in sync with the Podfile.lock. Run 'pod install' or update your CocoaPods installation.\" >&2\n    exit 1\nfi\n# This output is used by Xcode 'outputs' to avoid re-running this script phase.\necho \"SUCCESS\" > \"${SCRIPT_OUTPUT_FILE_0}\"\n";
			showEnvVarsInLog = 0;
		};
		B9AAF93CFB1708C1543968B3 /* [CP] Embed Pods Frameworks */ = {
			isa = PBXShellScriptBuildPhase;
			buildActionMask = 2147483647;
			files = (
			);
			inputFileListPaths = (
				"${PODS_ROOT}/Target Support Files/Pods-kakaoLoginTest/Pods-kakaoLoginTest-frameworks-${CONFIGURATION}-input-files.xcfilelist",
			);
			name = "[CP] Embed Pods Frameworks";
			outputFileListPaths = (
				"${PODS_ROOT}/Target Support Files/Pods-kakaoLoginTest/Pods-kakaoLoginTest-frameworks-${CONFIGURATION}-output-files.xcfilelist",
			);
			runOnlyForDeploymentPostprocessing = 0;
			shellPath = /bin/sh;
			shellScript = "\"${PODS_ROOT}/Target Support Files/Pods-kakaoLoginTest/Pods-kakaoLoginTest-frameworks.sh\"\n";
			showEnvVarsInLog = 0;
		};
/* End PBXShellScriptBuildPhase section */

/* Begin PBXSourcesBuildPhase section */
		06F940A625E7991700254BBF /* Sources */ = {
			isa = PBXSourcesBuildPhase;
			buildActionMask = 2147483647;
			files = (
				06F940B225E7991700254BBF /* ViewController.swift in Sources */,
				06F940AE25E7991700254BBF /* AppDelegate.swift in Sources */,
				06F940B025E7991700254BBF /* SceneDelegate.swift in Sources */,
			);
			runOnlyForDeploymentPostprocessing = 0;
		};
/* End PBXSourcesBuildPhase section */

/* Begin PBXVariantGroup section */
		06F940B325E7991700254BBF /* Main.storyboard */ = {
			isa = PBXVariantGroup;
			children = (
				06F940B425E7991700254BBF /* Base */,
			);
			name = Main.storyboard;
			sourceTree = "<group>";
		};
		06F940B825E7991700254BBF /* LaunchScreen.storyboard */ = {
			isa = PBXVariantGroup;
			children = (
				06F940B925E7991700254BBF /* Base */,
			);
			name = LaunchScreen.storyboard;
			sourceTree = "<group>";
		};
/* End PBXVariantGroup section */

/* Begin XCBuildConfiguration section */
		06F940BC25E7991700254BBF /* Debug */ = {
			isa = XCBuildConfiguration;
			buildSettings = {
				ALWAYS_SEARCH_USER_PATHS = NO;
				CLANG_ANALYZER_NONNULL = YES;
				CLANG_ANALYZER_NUMBER_OBJECT_CONVERSION = YES_AGGRESSIVE;
				CLANG_CXX_LANGUAGE_STANDARD = "gnu++14";
				CLANG_CXX_LIBRARY = "libc++";
				CLANG_ENABLE_MODULES = YES;
				CLANG_ENABLE_OBJC_ARC = YES;
				CLANG_ENABLE_OBJC_WEAK = YES;
				CLANG_WARN_BLOCK_CAPTURE_AUTORELEASING = YES;
				CLANG_WARN_BOOL_CONVERSION = YES;
				CLANG_WARN_COMMA = YES;
				CLANG_WARN_CONSTANT_CONVERSION = YES;
				CLANG_WARN_DEPRECATED_OBJC_IMPLEMENTATIONS = YES;
				CLANG_WARN_DIRECT_OBJC_ISA_USAGE = YES_ERROR;
				CLANG_WARN_DOCUMENTATION_COMMENTS = YES;
				CLANG_WARN_EMPTY_BODY = YES;
				CLANG_WARN_ENUM_CONVERSION = YES;
				CLANG_WARN_INFINITE_RECURSION = YES;
				CLANG_WARN_INT_CONVERSION = YES;
				CLANG_WARN_NON_LITERAL_NULL_CONVERSION = YES;
				CLANG_WARN_OBJC_IMPLICIT_RETAIN_SELF = YES;
				CLANG_WARN_OBJC_LITERAL_CONVERSION = YES;
				CLANG_WARN_OBJC_ROOT_CLASS = YES_ERROR;
				CLANG_WARN_QUOTED_INCLUDE_IN_FRAMEWORK_HEADER = YES;
				CLANG_WARN_RANGE_LOOP_ANALYSIS = YES;
				CLANG_WARN_STRICT_PROTOTYPES = YES;
				CLANG_WARN_SUSPICIOUS_MOVE = YES;
				CLANG_WARN_UNGUARDED_AVAILABILITY = YES_AGGRESSIVE;
				CLANG_WARN_UNREACHABLE_CODE = YES;
				CLANG_WARN__DUPLICATE_METHOD_MATCH = YES;
				COPY_PHASE_STRIP = NO;
				DEBUG_INFORMATION_FORMAT = dwarf;
				ENABLE_STRICT_OBJC_MSGSEND = YES;
				ENABLE_TESTABILITY = YES;
				GCC_C_LANGUAGE_STANDARD = gnu11;
				GCC_DYNAMIC_NO_PIC = NO;
				GCC_NO_COMMON_BLOCKS = YES;
				GCC_OPTIMIZATION_LEVEL = 0;
				GCC_PREPROCESSOR_DEFINITIONS = (
					"DEBUG=1",
					"$(inherited)",
				);
				GCC_WARN_64_TO_32_BIT_CONVERSION = YES;
				GCC_WARN_ABOUT_RETURN_TYPE = YES_ERROR;
				GCC_WARN_UNDECLARED_SELECTOR = YES;
				GCC_WARN_UNINITIALIZED_AUTOS = YES_AGGRESSIVE;
				GCC_WARN_UNUSED_FUNCTION = YES;
				GCC_WARN_UNUSED_VARIABLE = YES;
				IPHONEOS_DEPLOYMENT_TARGET = 14.3;
				MTL_ENABLE_DEBUG_INFO = INCLUDE_SOURCE;
				MTL_FAST_MATH = YES;
				ONLY_ACTIVE_ARCH = YES;
				SDKROOT = iphoneos;
				SWIFT_ACTIVE_COMPILATION_CONDITIONS = DEBUG;
				SWIFT_OPTIMIZATION_LEVEL = "-Onone";
			};
			name = Debug;
		};
		06F940BD25E7991700254BBF /* Release */ = {
			isa = XCBuildConfiguration;
			buildSettings = {
				ALWAYS_SEARCH_USER_PATHS = NO;
				CLANG_ANALYZER_NONNULL = YES;
				CLANG_ANALYZER_NUMBER_OBJECT_CONVERSION = YES_AGGRESSIVE;
				CLANG_CXX_LANGUAGE_STANDARD = "gnu++14";
				CLANG_CXX_LIBRARY = "libc++";
				CLANG_ENABLE_MODULES = YES;
				CLANG_ENABLE_OBJC_ARC = YES;
				CLANG_ENABLE_OBJC_WEAK = YES;
				CLANG_WARN_BLOCK_CAPTURE_AUTORELEASING = YES;
				CLANG_WARN_BOOL_CONVERSION = YES;
				CLANG_WARN_COMMA = YES;
				CLANG_WARN_CONSTANT_CONVERSION = YES;
				CLANG_WARN_DEPRECATED_OBJC_IMPLEMENTATIONS = YES;
				CLANG_WARN_DIRECT_OBJC_ISA_USAGE = YES_ERROR;
				CLANG_WARN_DOCUMENTATION_COMMENTS = YES;
				CLANG_WARN_EMPTY_BODY = YES;
				CLANG_WARN_ENUM_CONVERSION = YES;
				CLANG_WARN_INFINITE_RECURSION = YES;
				CLANG_WARN_INT_CONVERSION = YES;
				CLANG_WARN_NON_LITERAL_NULL_CONVERSION = YES;
				CLANG_WARN_OBJC_IMPLICIT_RETAIN_SELF = YES;
				CLANG_WARN_OBJC_LITERAL_CONVERSION = YES;
				CLANG_WARN_OBJC_ROOT_CLASS = YES_ERROR;
				CLANG_WARN_QUOTED_INCLUDE_IN_FRAMEWORK_HEADER = YES;
				CLANG_WARN_RANGE_LOOP_ANALYSIS = YES;
				CLANG_WARN_STRICT_PROTOTYPES = YES;
				CLANG_WARN_SUSPICIOUS_MOVE = YES;
				CLANG_WARN_UNGUARDED_AVAILABILITY = YES_AGGRESSIVE;
				CLANG_WARN_UNREACHABLE_CODE = YES;
				CLANG_WARN__DUPLICATE_METHOD_MATCH = YES;
				COPY_PHASE_STRIP = NO;
				DEBUG_INFORMATION_FORMAT = "dwarf-with-dsym";
				ENABLE_NS_ASSERTIONS = NO;
				ENABLE_STRICT_OBJC_MSGSEND = YES;
				GCC_C_LANGUAGE_STANDARD = gnu11;
				GCC_NO_COMMON_BLOCKS = YES;
				GCC_WARN_64_TO_32_BIT_CONVERSION = YES;
				GCC_WARN_ABOUT_RETURN_TYPE = YES_ERROR;
				GCC_WARN_UNDECLARED_SELECTOR = YES;
				GCC_WARN_UNINITIALIZED_AUTOS = YES_AGGRESSIVE;
				GCC_WARN_UNUSED_FUNCTION = YES;
				GCC_WARN_UNUSED_VARIABLE = YES;
				IPHONEOS_DEPLOYMENT_TARGET = 14.3;
				MTL_ENABLE_DEBUG_INFO = NO;
				MTL_FAST_MATH = YES;
				SDKROOT = iphoneos;
				SWIFT_COMPILATION_MODE = wholemodule;
				SWIFT_OPTIMIZATION_LEVEL = "-O";
				VALIDATE_PRODUCT = YES;
			};
			name = Release;
		};
		06F940BF25E7991700254BBF /* Debug */ = {
			isa = XCBuildConfiguration;
			baseConfigurationReference = 49314322410C0535B5F4F779 /* Pods-kakaoLoginTest.debug.xcconfig */;
			buildSettings = {
				ASSETCATALOG_COMPILER_APPICON_NAME = AppIcon;
				ASSETCATALOG_COMPILER_GLOBAL_ACCENT_COLOR_NAME = AccentColor;
				CODE_SIGN_STYLE = Automatic;
				DEVELOPMENT_TEAM = RKSNRHW63A;
				INFOPLIST_FILE = kakaoLoginTest/Info.plist;
				LD_RUNPATH_SEARCH_PATHS = (
					"$(inherited)",
					"@executable_path/Frameworks",
				);
				PRODUCT_BUNDLE_IDENTIFIER = com.pangeun.kakaoLoginTest;
				PRODUCT_NAME = "$(TARGET_NAME)";
				SWIFT_VERSION = 5.0;
				TARGETED_DEVICE_FAMILY = "1,2";
			};
			name = Debug;
		};
		06F940C025E7991700254BBF /* Release */ = {
			isa = XCBuildConfiguration;
			baseConfigurationReference = 00BA9D268C02FD8C300E47DB /* Pods-kakaoLoginTest.release.xcconfig */;
			buildSettings = {
				ASSETCATALOG_COMPILER_APPICON_NAME = AppIcon;
				ASSETCATALOG_COMPILER_GLOBAL_ACCENT_COLOR_NAME = AccentColor;
				CODE_SIGN_STYLE = Automatic;
				DEVELOPMENT_TEAM = RKSNRHW63A;
				INFOPLIST_FILE = kakaoLoginTest/Info.plist;
				LD_RUNPATH_SEARCH_PATHS = (
					"$(inherited)",
					"@executable_path/Frameworks",
				);
				PRODUCT_BUNDLE_IDENTIFIER = com.pangeun.kakaoLoginTest;
				PRODUCT_NAME = "$(TARGET_NAME)";
				SWIFT_VERSION = 5.0;
				TARGETED_DEVICE_FAMILY = "1,2";
			};
			name = Release;
		};
/* End XCBuildConfiguration section */

/* Begin XCConfigurationList section */
		06F940A525E7991700254BBF /* Build configuration list for PBXProject "kakaoLoginTest" */ = {
			isa = XCConfigurationList;
			buildConfigurations = (
				06F940BC25E7991700254BBF /* Debug */,
				06F940BD25E7991700254BBF /* Release */,
			);
			defaultConfigurationIsVisible = 0;
			defaultConfigurationName = Release;
		};
		06F940BE25E7991700254BBF /* Build configuration list for PBXNativeTarget "kakaoLoginTest" */ = {
			isa = XCConfigurationList;
			buildConfigurations = (
				06F940BF25E7991700254BBF /* Debug */,
				06F940C025E7991700254BBF /* Release */,
			);
			defaultConfigurationIsVisible = 0;
			defaultConfigurationName = Release;
		};
/* End XCConfigurationList section */
	};
	rootObject = 06F940A225E7991700254BBF /* Project object */;
}
