// !$*UTF8*$!
{
	archiveVersion = 1;
	classes = {
	};
	objectVersion = 52;
	objects = {

/* Begin PBXBuildFile section */
		062F18E225C2E234009A600E /* AppDelegate.swift in Sources */ = {isa = PBXBuildFile; fileRef = 062F18E125C2E234009A600E /* AppDelegate.swift */; };
		062F18E425C2E234009A600E /* SceneDelegate.swift in Sources */ = {isa = PBXBuildFile; fileRef = 062F18E325C2E234009A600E /* SceneDelegate.swift */; };
		062F18E625C2E234009A600E /* ViewController.swift in Sources */ = {isa = PBXBuildFile; fileRef = 062F18E525C2E234009A600E /* ViewController.swift */; };
		062F18E925C2E234009A600E /* Main.storyboard in Resources */ = {isa = PBXBuildFile; fileRef = 062F18E725C2E234009A600E /* Main.storyboard */; };
		062F18EB25C2E235009A600E /* Assets.xcassets in Resources */ = {isa = PBXBuildFile; fileRef = 062F18EA25C2E235009A600E /* Assets.xcassets */; };
		062F18EE25C2E235009A600E /* LaunchScreen.storyboard in Resources */ = {isa = PBXBuildFile; fileRef = 062F18EC25C2E235009A600E /* LaunchScreen.storyboard */; };
		062F191825C2E3D5009A600E /* Alamofire in Frameworks */ = {isa = PBXBuildFile; productRef = 062F191725C2E3D5009A600E /* Alamofire */; };
/* End PBXBuildFile section */

/* Begin PBXFileReference section */
		062F18DE25C2E234009A600E /* APITest.app */ = {isa = PBXFileReference; explicitFileType = wrapper.application; includeInIndex = 0; path = APITest.app; sourceTree = BUILT_PRODUCTS_DIR; };
		062F18E125C2E234009A600E /* AppDelegate.swift */ = {isa = PBXFileReference; lastKnownFileType = sourcecode.swift; path = AppDelegate.swift; sourceTree = "<group>"; };
		062F18E325C2E234009A600E /* SceneDelegate.swift */ = {isa = PBXFileReference; lastKnownFileType = sourcecode.swift; path = SceneDelegate.swift; sourceTree = "<group>"; };
		062F18E525C2E234009A600E /* ViewController.swift */ = {isa = PBXFileReference; lastKnownFileType = sourcecode.swift; path = ViewController.swift; sourceTree = "<group>"; };
		062F18E825C2E234009A600E /* Base */ = {isa = PBXFileReference; lastKnownFileType = file.storyboard; name = Base; path = Base.lproj/Main.storyboard; sourceTree = "<group>"; };
		062F18EA25C2E235009A600E /* Assets.xcassets */ = {isa = PBXFileReference; lastKnownFileType = folder.assetcatalog; path = Assets.xcassets; sourceTree = "<group>"; };
		062F18ED25C2E235009A600E /* Base */ = {isa = PBXFileReference; lastKnownFileType = file.storyboard; name = Base; path = Base.lproj/LaunchScreen.storyboard; sourceTree = "<group>"; };
		062F18EF25C2E235009A600E /* Info.plist */ = {isa = PBXFileReference; lastKnownFileType = text.plist.xml; path = Info.plist; sourceTree = "<group>"; };
/* End PBXFileReference section */

/* Begin PBXFrameworksBuildPhase section */
		062F18DB25C2E234009A600E /* Frameworks */ = {
			isa = PBXFrameworksBuildPhase;
			buildActionMask = 2147483647;
			files = (
				062F191825C2E3D5009A600E /* Alamofire in Frameworks */,
			);
			runOnlyForDeploymentPostprocessing = 0;
		};
/* End PBXFrameworksBuildPhase section */

/* Begin PBXGroup section */
		062F18D525C2E234009A600E = {
			isa = PBXGroup;
			children = (
				062F18E025C2E234009A600E /* APITest */,
				062F18DF25C2E234009A600E /* Products */,
			);
			sourceTree = "<group>";
		};
		062F18DF25C2E234009A600E /* Products */ = {
			isa = PBXGroup;
			children = (
				062F18DE25C2E234009A600E /* APITest.app */,
			);
			name = Products;
			sourceTree = "<group>";
		};
		062F18E025C2E234009A600E /* APITest */ = {
			isa = PBXGroup;
			children = (
				062F18E125C2E234009A600E /* AppDelegate.swift */,
				062F18E325C2E234009A600E /* SceneDelegate.swift */,
				062F18E525C2E234009A600E /* ViewController.swift */,
				062F18E725C2E234009A600E /* Main.storyboard */,
				062F18EA25C2E235009A600E /* Assets.xcassets */,
				062F18EC25C2E235009A600E /* LaunchScreen.storyboard */,
				062F18EF25C2E235009A600E /* Info.plist */,
			);
			path = APITest;
			sourceTree = "<group>";
		};
/* End PBXGroup section */

/* Begin PBXNativeTarget section */
		062F18DD25C2E234009A600E /* APITest */ = {
			isa = PBXNativeTarget;
			buildConfigurationList = 062F18F225C2E235009A600E /* Build configuration list for PBXNativeTarget "APITest" */;
			buildPhases = (
				062F18DA25C2E234009A600E /* Sources */,
				062F18DB25C2E234009A600E /* Frameworks */,
				062F18DC25C2E234009A600E /* Resources */,
			);
			buildRules = (
			);
			dependencies = (
			);
			name = APITest;
			packageProductDependencies = (
				062F191725C2E3D5009A600E /* Alamofire */,
			);
			productName = APITest;
			productReference = 062F18DE25C2E234009A600E /* APITest.app */;
			productType = "com.apple.product-type.application";
		};
/* End PBXNativeTarget section */

/* Begin PBXProject section */
		062F18D625C2E234009A600E /* Project object */ = {
			isa = PBXProject;
			attributes = {
				LastSwiftUpdateCheck = 1230;
				LastUpgradeCheck = 1230;
				TargetAttributes = {
					062F18DD25C2E234009A600E = {
						CreatedOnToolsVersion = 12.3;
					};
				};
			};
			buildConfigurationList = 062F18D925C2E234009A600E /* Build configuration list for PBXProject "APITest" */;
			compatibilityVersion = "Xcode 9.3";
			developmentRegion = en;
			hasScannedForEncodings = 0;
			knownRegions = (
				en,
				Base,
			);
			mainGroup = 062F18D525C2E234009A600E;
			packageReferences = (
				062F191625C2E3D5009A600E /* XCRemoteSwiftPackageReference "Alamofire" */,
			);
			productRefGroup = 062F18DF25C2E234009A600E /* Products */;
			projectDirPath = "";
			projectRoot = "";
			targets = (
				062F18DD25C2E234009A600E /* APITest */,
			);
		};
/* End PBXProject section */

/* Begin PBXResourcesBuildPhase section */
		062F18DC25C2E234009A600E /* Resources */ = {
			isa = PBXResourcesBuildPhase;
			buildActionMask = 2147483647;
			files = (
				062F18EE25C2E235009A600E /* LaunchScreen.storyboard in Resources */,
				062F18EB25C2E235009A600E /* Assets.xcassets in Resources */,
				062F18E925C2E234009A600E /* Main.storyboard in Resources */,
			);
			runOnlyForDeploymentPostprocessing = 0;
		};
/* End PBXResourcesBuildPhase section */

/* Begin PBXSourcesBuildPhase section */
		062F18DA25C2E234009A600E /* Sources */ = {
			isa = PBXSourcesBuildPhase;
			buildActionMask = 2147483647;
			files = (
				062F18E625C2E234009A600E /* ViewController.swift in Sources */,
				062F18E225C2E234009A600E /* AppDelegate.swift in Sources */,
				062F18E425C2E234009A600E /* SceneDelegate.swift in Sources */,
			);
			runOnlyForDeploymentPostprocessing = 0;
		};
/* End PBXSourcesBuildPhase section */

/* Begin PBXVariantGroup section */
		062F18E725C2E234009A600E /* Main.storyboard */ = {
			isa = PBXVariantGroup;
			children = (
				062F18E825C2E234009A600E /* Base */,
			);
			name = Main.storyboard;
			sourceTree = "<group>";
		};
		062F18EC25C2E235009A600E /* LaunchScreen.storyboard */ = {
			isa = PBXVariantGroup;
			children = (
				062F18ED25C2E235009A600E /* Base */,
			);
			name = LaunchScreen.storyboard;
			sourceTree = "<group>";
		};
/* End PBXVariantGroup section */

/* Begin XCBuildConfiguration section */
		062F18F025C2E235009A600E /* Debug */ = {
			isa = XCBuildConfiguration;
			buildSettings = {
				ALWAYS_SEARCH_USER_PATHS = NO;
				CLANG_ANALYZER_NONNULL = YES;
				CLANG_ANALYZER_NUMBER_OBJECT_CONVERSION = YES_AGGRESSIVE;
				CLANG_CXX_LANGUAGE_STANDARD = "gnu++14";
				CLANG_CXX_LIBRARY = "libc++";
				CLANG_ENABLE_MODULES = YES;
				CLANG_ENABLE_OBJC_ARC = YES;
				CLANG_ENABLE_OBJC_WEAK = YES;
				CLANG_WARN_BLOCK_CAPTURE_AUTORELEASING = YES;
				CLANG_WARN_BOOL_CONVERSION = YES;
				CLANG_WARN_COMMA = YES;
				CLANG_WARN_CONSTANT_CONVERSION = YES;
				CLANG_WARN_DEPRECATED_OBJC_IMPLEMENTATIONS = YES;
				CLANG_WARN_DIRECT_OBJC_ISA_USAGE = YES_ERROR;
				CLANG_WARN_DOCUMENTATION_COMMENTS = YES;
				CLANG_WARN_EMPTY_BODY = YES;
				CLANG_WARN_ENUM_CONVERSION = YES;
				CLANG_WARN_INFINITE_RECURSION = YES;
				CLANG_WARN_INT_CONVERSION = YES;
				CLANG_WARN_NON_LITERAL_NULL_CONVERSION = YES;
				CLANG_WARN_OBJC_IMPLICIT_RETAIN_SELF = YES;
				CLANG_WARN_OBJC_LITERAL_CONVERSION = YES;
				CLANG_WARN_OBJC_ROOT_CLASS = YES_ERROR;
				CLANG_WARN_QUOTED_INCLUDE_IN_FRAMEWORK_HEADER = YES;
				CLANG_WARN_RANGE_LOOP_ANALYSIS = YES;
				CLANG_WARN_STRICT_PROTOTYPES = YES;
				CLANG_WARN_SUSPICIOUS_MOVE = YES;
				CLANG_WARN_UNGUARDED_AVAILABILITY = YES_AGGRESSIVE;
				CLANG_WARN_UNREACHABLE_CODE = YES;
				CLANG_WARN__DUPLICATE_METHOD_MATCH = YES;
				COPY_PHASE_STRIP = NO;
				DEBUG_INFORMATION_FORMAT = dwarf;
				ENABLE_STRICT_OBJC_MSGSEND = YES;
				ENABLE_TESTABILITY = YES;
				GCC_C_LANGUAGE_STANDARD = gnu11;
				GCC_DYNAMIC_NO_PIC = NO;
				GCC_NO_COMMON_BLOCKS = YES;
				GCC_OPTIMIZATION_LEVEL = 0;
				GCC_PREPROCESSOR_DEFINITIONS = (
					"DEBUG=1",
					"$(inherited)",
				);
				GCC_WARN_64_TO_32_BIT_CONVERSION = YES;
				GCC_WARN_ABOUT_RETURN_TYPE = YES_ERROR;
				GCC_WARN_UNDECLARED_SELECTOR = YES;
				GCC_WARN_UNINITIALIZED_AUTOS = YES_AGGRESSIVE;
				GCC_WARN_UNUSED_FUNCTION = YES;
				GCC_WARN_UNUSED_VARIABLE = YES;
				IPHONEOS_DEPLOYMENT_TARGET = 14.3;
				MTL_ENABLE_DEBUG_INFO = INCLUDE_SOURCE;
				MTL_FAST_MATH = YES;
				ONLY_ACTIVE_ARCH = YES;
				SDKROOT = iphoneos;
				SWIFT_ACTIVE_COMPILATION_CONDITIONS = DEBUG;
				SWIFT_OPTIMIZATION_LEVEL = "-Onone";
			};
			name = Debug;
		};
		062F18F125C2E235009A600E /* Release */ = {
			isa = XCBuildConfiguration;
			buildSettings = {
				ALWAYS_SEARCH_USER_PATHS = NO;
				CLANG_ANALYZER_NONNULL = YES;
				CLANG_ANALYZER_NUMBER_OBJECT_CONVERSION = YES_AGGRESSIVE;
				CLANG_CXX_LANGUAGE_STANDARD = "gnu++14";
				CLANG_CXX_LIBRARY = "libc++";
				CLANG_ENABLE_MODULES = YES;
				CLANG_ENABLE_OBJC_ARC = YES;
				CLANG_ENABLE_OBJC_WEAK = YES;
				CLANG_WARN_BLOCK_CAPTURE_AUTORELEASING = YES;
				CLANG_WARN_BOOL_CONVERSION = YES;
				CLANG_WARN_COMMA = YES;
				CLANG_WARN_CONSTANT_CONVERSION = YES;
				CLANG_WARN_DEPRECATED_OBJC_IMPLEMENTATIONS = YES;
				CLANG_WARN_DIRECT_OBJC_ISA_USAGE = YES_ERROR;
				CLANG_WARN_DOCUMENTATION_COMMENTS = YES;
				CLANG_WARN_EMPTY_BODY = YES;
				CLANG_WARN_ENUM_CONVERSION = YES;
				CLANG_WARN_INFINITE_RECURSION = YES;
				CLANG_WARN_INT_CONVERSION = YES;
				CLANG_WARN_NON_LITERAL_NULL_CONVERSION = YES;
				CLANG_WARN_OBJC_IMPLICIT_RETAIN_SELF = YES;
				CLANG_WARN_OBJC_LITERAL_CONVERSION = YES;
				CLANG_WARN_OBJC_ROOT_CLASS = YES_ERROR;
				CLANG_WARN_QUOTED_INCLUDE_IN_FRAMEWORK_HEADER = YES;
				CLANG_WARN_RANGE_LOOP_ANALYSIS = YES;
				CLANG_WARN_STRICT_PROTOTYPES = YES;
				CLANG_WARN_SUSPICIOUS_MOVE = YES;
				CLANG_WARN_UNGUARDED_AVAILABILITY = YES_AGGRESSIVE;
				CLANG_WARN_UNREACHABLE_CODE = YES;
				CLANG_WARN__DUPLICATE_METHOD_MATCH = YES;
				COPY_PHASE_STRIP = NO;
				DEBUG_INFORMATION_FORMAT = "dwarf-with-dsym";
				ENABLE_NS_ASSERTIONS = NO;
				ENABLE_STRICT_OBJC_MSGSEND = YES;
				GCC_C_LANGUAGE_STANDARD = gnu11;
				GCC_NO_COMMON_BLOCKS = YES;
				GCC_WARN_64_TO_32_BIT_CONVERSION = YES;
				GCC_WARN_ABOUT_RETURN_TYPE = YES_ERROR;
				GCC_WARN_UNDECLARED_SELECTOR = YES;
				GCC_WARN_UNINITIALIZED_AUTOS = YES_AGGRESSIVE;
				GCC_WARN_UNUSED_FUNCTION = YES;
				GCC_WARN_UNUSED_VARIABLE = YES;
				IPHONEOS_DEPLOYMENT_TARGET = 14.3;
				MTL_ENABLE_DEBUG_INFO = NO;
				MTL_FAST_MATH = YES;
				SDKROOT = iphoneos;
				SWIFT_COMPILATION_MODE = wholemodule;
				SWIFT_OPTIMIZATION_LEVEL = "-O";
				VALIDATE_PRODUCT = YES;
			};
			name = Release;
		};
		062F18F325C2E235009A600E /* Debug */ = {
			isa = XCBuildConfiguration;
			buildSettings = {
				ASSETCATALOG_COMPILER_APPICON_NAME = AppIcon;
				ASSETCATALOG_COMPILER_GLOBAL_ACCENT_COLOR_NAME = AccentColor;
				CODE_SIGN_STYLE = Automatic;
				DEVELOPMENT_TEAM = RKSNRHW63A;
				INFOPLIST_FILE = APITest/Info.plist;
				LD_RUNPATH_SEARCH_PATHS = (
					"$(inherited)",
					"@executable_path/Frameworks",
				);
				PRODUCT_BUNDLE_IDENTIFIER = com.pangeun.APITest;
				PRODUCT_NAME = "$(TARGET_NAME)";
				SWIFT_VERSION = 5.0;
				TARGETED_DEVICE_FAMILY = "1,2";
			};
			name = Debug;
		};
		062F18F425C2E235009A600E /* Release */ = {
			isa = XCBuildConfiguration;
			buildSettings = {
				ASSETCATALOG_COMPILER_APPICON_NAME = AppIcon;
				ASSETCATALOG_COMPILER_GLOBAL_ACCENT_COLOR_NAME = AccentColor;
				CODE_SIGN_STYLE = Automatic;
				DEVELOPMENT_TEAM = RKSNRHW63A;
				INFOPLIST_FILE = APITest/Info.plist;
				LD_RUNPATH_SEARCH_PATHS = (
					"$(inherited)",
					"@executable_path/Frameworks",
				);
				PRODUCT_BUNDLE_IDENTIFIER = com.pangeun.APITest;
				PRODUCT_NAME = "$(TARGET_NAME)";
				SWIFT_VERSION = 5.0;
				TARGETED_DEVICE_FAMILY = "1,2";
			};
			name = Release;
		};
/* End XCBuildConfiguration section */

/* Begin XCConfigurationList section */
		062F18D925C2E234009A600E /* Build configuration list for PBXProject "APITest" */ = {
			isa = XCConfigurationList;
			buildConfigurations = (
				062F18F025C2E235009A600E /* Debug */,
				062F18F125C2E235009A600E /* Release */,
			);
			defaultConfigurationIsVisible = 0;
			defaultConfigurationName = Release;
		};
		062F18F225C2E235009A600E /* Build configuration list for PBXNativeTarget "APITest" */ = {
			isa = XCConfigurationList;
			buildConfigurations = (
				062F18F325C2E235009A600E /* Debug */,
				062F18F425C2E235009A600E /* Release */,
			);
			defaultConfigurationIsVisible = 0;
			defaultConfigurationName = Release;
		};
/* End XCConfigurationList section */

/* Begin XCRemoteSwiftPackageReference section */
		062F191625C2E3D5009A600E /* XCRemoteSwiftPackageReference "Alamofire" */ = {
			isa = XCRemoteSwiftPackageReference;
			repositoryURL = "https://github.com/Alamofire/Alamofire.git";
			requirement = {
				kind = upToNextMajorVersion;
				minimumVersion = 5.4.1;
			};
		};
/* End XCRemoteSwiftPackageReference section */

/* Begin XCSwiftPackageProductDependency section */
		062F191725C2E3D5009A600E /* Alamofire */ = {
			isa = XCSwiftPackageProductDependency;
			package = 062F191625C2E3D5009A600E /* XCRemoteSwiftPackageReference "Alamofire" */;
			productName = Alamofire;
		};
/* End XCSwiftPackageProductDependency section */
	};
	rootObject = 062F18D625C2E234009A600E /* Project object */;
}
